// !$*UTF8*$!
{
	archiveVersion = 1;
	classes = {
	};
	objectVersion = 56;
	objects = {

/* Begin PBXBuildFile section */
		0F3AA90F2F392ED300554810 /* HackerNewsWidget.swift in Sources */ = {isa = PBXBuildFile; fileRef = 0F3AA90E2F392ED300554810 /* HackerNewsWidget.swift */; };
		0F5602482F33707500BBEA53 /* DiskActivityWidget.swift in Sources */ = {isa = PBXBuildFile; fileRef = 0F5602472F33707500BBEA53 /* DiskActivityWidget.swift */; };
		0F56024A2F338BF200BBEA53 /* Profile.swift in Sources */ = {isa = PBXBuildFile; fileRef = 0F5602492F338BF200BBEA53 /* Profile.swift */; };
		0FEC2C322F2E59FE00CDA90B /* StorageWidget.swift in Sources */ = {isa = PBXBuildFile; fileRef = 0FEC2C312F2E59FE00CDA90B /* StorageWidget.swift */; };
		C1000001 /* AerospaceTypes.swift in Sources */ = {isa = PBXBuildFile; fileRef = C2000001 /* AerospaceTypes.swift */; };
		C1000002 /* AerospaceService.swift in Sources */ = {isa = PBXBuildFile; fileRef = C2000002 /* AerospaceService.swift */; };
		C1000003 /* AerospaceSpacesWidget.swift in Sources */ = {isa = PBXBuildFile; fileRef = C2000003 /* AerospaceSpacesWidget.swift */; };
		C1000004 /* AerospaceSpaceView.swift in Sources */ = {isa = PBXBuildFile; fileRef = C2000004 /* AerospaceSpaceView.swift */; };
		C1000005 /* AerospaceOpenedAppsView.swift in Sources */ = {isa = PBXBuildFile; fileRef = C2000005 /* AerospaceOpenedAppsView.swift */; };
		C1000006 /* AerospaceProcessWidget.swift in Sources */ = {isa = PBXBuildFile; fileRef = C2000006 /* AerospaceProcessWidget.swift */; };
		A1000001 /* ABarApp.swift in Sources */ = {isa = PBXBuildFile; fileRef = B1000001 /* ABarApp.swift */; };
		A1000002 /* AppDelegate.swift in Sources */ = {isa = PBXBuildFile; fileRef = B1000002 /* AppDelegate.swift */; };
		A1000003 /* BarWindow.swift in Sources */ = {isa = PBXBuildFile; fileRef = B1000003 /* BarWindow.swift */; };
		A1000004 /* BarView.swift in Sources */ = {isa = PBXBuildFile; fileRef = B1000004 /* BarView.swift */; };
		A1000005 /* Assets.xcassets in Resources */ = {isa = PBXBuildFile; fileRef = B1000005 /* Assets.xcassets */; };
		A1000010 /* YabaiTypes.swift in Sources */ = {isa = PBXBuildFile; fileRef = B1000010 /* YabaiTypes.swift */; };
		A1000011 /* WidgetTypes.swift in Sources */ = {isa = PBXBuildFile; fileRef = B1000011 /* WidgetTypes.swift */; };
		A1000012 /* Settings.swift in Sources */ = {isa = PBXBuildFile; fileRef = B1000012 /* Settings.swift */; };
		A1000027 /* LaunchAtLogin.swift in Sources */ = {isa = PBXBuildFile; fileRef = B1000027 /* LaunchAtLogin.swift */; };
		A1000026 /* SettingsStore.swift in Sources */ = {isa = PBXBuildFile; fileRef = B1000026 /* SettingsStore.swift */; };
		A1000025 /* SettingsCodec.swift in Sources */ = {isa = PBXBuildFile; fileRef = B1000025 /* SettingsCodec.swift */; };
		A1000020 /* YabaiService.swift in Sources */ = {isa = PBXBuildFile; fileRef = B1000020 /* YabaiService.swift */; };
		A1000022 /* SystemInfoService.swift in Sources */ = {isa = PBXBuildFile; fileRef = B1000022 /* SystemInfoService.swift */; };
		A1000023 /* BluetoothService.swift in Sources */ = {isa = PBXBuildFile; fileRef = B1000023 /* BluetoothService.swift */; };
		A1000024 /* WifiService.swift in Sources */ = {isa = PBXBuildFile; fileRef = B1000024 /* WifiService.swift */; };
		A1000030 /* SpacesWidget.swift in Sources */ = {isa = PBXBuildFile; fileRef = B1000030 /* SpacesWidget.swift */; };
		A1000031 /* SpaceView.swift in Sources */ = {isa = PBXBuildFile; fileRef = B1000031 /* SpaceView.swift */; };
		A1000032 /* OpenedAppsView.swift in Sources */ = {isa = PBXBuildFile; fileRef = B1000032 /* OpenedAppsView.swift */; };
		A1000033 /* ProcessWidget.swift in Sources */ = {isa = PBXBuildFile; fileRef = B1000033 /* ProcessWidget.swift */; };
		A1000040 /* BatteryWidget.swift in Sources */ = {isa = PBXBuildFile; fileRef = B1000040 /* BatteryWidget.swift */; };
		A1000041 /* WeatherWidget.swift in Sources */ = {isa = PBXBuildFile; fileRef = B1000041 /* WeatherWidget.swift */; };
		A1000042 /* TimeWidget.swift in Sources */ = {isa = PBXBuildFile; fileRef = B1000042 /* TimeWidget.swift */; };
		A1000043 /* DateWidget.swift in Sources */ = {isa = PBXBuildFile; fileRef = B1000043 /* DateWidget.swift */; };
		A1000044 /* WifiWidget.swift in Sources */ = {isa = PBXBuildFile; fileRef = B1000044 /* WifiWidget.swift */; };
		A1000045 /* SoundWidget.swift in Sources */ = {isa = PBXBuildFile; fileRef = B1000045 /* SoundWidget.swift */; };
		A1000046 /* MicWidget.swift in Sources */ = {isa = PBXBuildFile; fileRef = B1000046 /* MicWidget.swift */; };
		A1000047 /* KeyboardWidget.swift in Sources */ = {isa = PBXBuildFile; fileRef = B1000047 /* KeyboardWidget.swift */; };
		A1000048 /* GitHubWidget.swift in Sources */ = {isa = PBXBuildFile; fileRef = B1000048 /* GitHubWidget.swift */; };
		A1000049 /* BluetoothWidget.swift in Sources */ = {isa = PBXBuildFile; fileRef = B1000049 /* BluetoothWidget.swift */; };
		A1000050 /* CPUWidget.swift in Sources */ = {isa = PBXBuildFile; fileRef = B1000050 /* CPUWidget.swift */; };
		A1000051 /* MemoryWidget.swift in Sources */ = {isa = PBXBuildFile; fileRef = B1000051 /* MemoryWidget.swift */; };
		A1000052 /* GPUWidget.swift in Sources */ = {isa = PBXBuildFile; fileRef = B1000052 /* GPUWidget.swift */; };
		A1000144 /* CPUAndGPUWidget.swift in Sources */ = {isa = PBXBuildFile; fileRef = B1000144 /* CPUAndGPUWidget.swift */; };
		A1000053 /* NetstatsWidget.swift in Sources */ = {isa = PBXBuildFile; fileRef = B1000053 /* NetstatsWidget.swift */; };
		A1000054 /* GraphView.swift in Sources */ = {isa = PBXBuildFile; fileRef = B1000054 /* GraphView.swift */; };
		A1000060 /* UserWidget.swift in Sources */ = {isa = PBXBuildFile; fileRef = B1000060 /* UserWidget.swift */; };
		A1000062 /* BaseWidgetView.swift in Sources */ = {isa = PBXBuildFile; fileRef = B1000062 /* BaseWidgetView.swift */; };
		A1000070 /* SettingsView.swift in Sources */ = {isa = PBXBuildFile; fileRef = B1000070 /* SettingsView.swift */; };
		A1000071 /* GeneralSettingsView.swift in Sources */ = {isa = PBXBuildFile; fileRef = B1000071 /* GeneralSettingsView.swift */; };
		A1000072 /* WidgetSettingsViews.swift in Sources */ = {isa = PBXBuildFile; fileRef = B1000072 /* WidgetSettingsViews.swift */; };
		A1000074 /* AppearanceSettingsView.swift in Sources */ = {isa = PBXBuildFile; fileRef = B1000074 /* AppearanceSettingsView.swift */; };
		A1000075 /* LayoutBuilderView.swift in Sources */ = {isa = PBXBuildFile; fileRef = B1000075 /* LayoutBuilderView.swift */; };
		A1000080 /* ShellExecutor.swift in Sources */ = {isa = PBXBuildFile; fileRef = B1000080 /* ShellExecutor.swift */; };
		A1000081 /* AppIconProvider.swift in Sources */ = {isa = PBXBuildFile; fileRef = B1000081 /* AppIconProvider.swift */; };
		A1000082 /* Theme.swift in Sources */ = {isa = PBXBuildFile; fileRef = B1000082 /* Theme.swift */; };
		A1000083 /* Extensions.swift in Sources */ = {isa = PBXBuildFile; fileRef = B1000083 /* Extensions.swift */; };
		A1000086 /* WidgetPopover.swift in Sources */ = {isa = PBXBuildFile; fileRef = B1000086 /* WidgetPopover.swift */; };
		A1000084 /* RefreshWidgetCommand.swift in Sources */ = {isa = PBXBuildFile; fileRef = B1000084 /* RefreshWidgetCommand.swift */; };
		A1000085 /* XBarParser.swift in Sources */ = {isa = PBXBuildFile; fileRef = B1000085 /* XBarParser.swift */; };
		A1000100 /* XBarMenu.swift in Sources */ = {isa = PBXBuildFile; fileRef = B1000100 /* XBarMenu.swift */; };
		A1000110 /* WidgetDragPayload.swift in Sources */ = {isa = PBXBuildFile; fileRef = B1000110 /* WidgetDragPayload.swift */; };
		A1000111 /* WidgetReorder.swift in Sources */ = {isa = PBXBuildFile; fileRef = B1000111 /* WidgetReorder.swift */; };
		A1000112 /* UserWidgetIndexRemapper.swift in Sources */ = {isa = PBXBuildFile; fileRef = B1000112 /* UserWidgetIndexRemapper.swift */; };
		A1000113 /* ProfileNameValidator.swift in Sources */ = {isa = PBXBuildFile; fileRef = B1000113 /* ProfileNameValidator.swift */; };
		A1000114 /* ThemeColorRole.swift in Sources */ = {isa = PBXBuildFile; fileRef = B1000114 /* ThemeColorRole.swift */; };
		A1000115 /* WidgetPalette.swift in Sources */ = {isa = PBXBuildFile; fileRef = B1000115 /* WidgetPalette.swift */; };
		A1000116 /* VolumeLevel.swift in Sources */ = {isa = PBXBuildFile; fileRef = B1000116 /* VolumeLevel.swift */; };
		A1000117 /* WidgetLabels.swift in Sources */ = {isa = PBXBuildFile; fileRef = B1000117 /* WidgetLabels.swift */; };
		A1000118 /* WeatherPresentation.swift in Sources */ = {isa = PBXBuildFile; fileRef = B1000118 /* WeatherPresentation.swift */; };
		A1000119 /* GraphGeometry.swift in Sources */ = {isa = PBXBuildFile; fileRef = B1000119 /* GraphGeometry.swift */; };
		A1000120 /* BarGeometry.swift in Sources */ = {isa = PBXBuildFile; fileRef = B1000120 /* BarGeometry.swift */; };
		A1000121 /* YabaiJSONSanitizer.swift in Sources */ = {isa = PBXBuildFile; fileRef = B1000121 /* YabaiJSONSanitizer.swift */; };
		A1000122 /* RateSampler.swift in Sources */ = {isa = PBXBuildFile; fileRef = B1000122 /* RateSampler.swift */; };
		A1000123 /* CaffeinateOptions.swift in Sources */ = {isa = PBXBuildFile; fileRef = B1000123 /* CaffeinateOptions.swift */; };
		A1000124 /* NetworkInterfaces.swift in Sources */ = {isa = PBXBuildFile; fileRef = B1000124 /* NetworkInterfaces.swift */; };
		A1000125 /* BluetoothProfileParser.swift in Sources */ = {isa = PBXBuildFile; fileRef = B1000125 /* BluetoothProfileParser.swift */; };
		A1000126 /* WifiScan.swift in Sources */ = {isa = PBXBuildFile; fileRef = B1000126 /* WifiScan.swift */; };
		A1000127 /* AerospaceMerge.swift in Sources */ = {isa = PBXBuildFile; fileRef = B1000127 /* AerospaceMerge.swift */; };
		A1000128 /* SystemMetrics.swift in Sources */ = {isa = PBXBuildFile; fileRef = B1000128 /* SystemMetrics.swift */; };
		A1000129 /* BluetoothTypes.swift in Sources */ = {isa = PBXBuildFile; fileRef = B1000129 /* BluetoothTypes.swift */; };
		A1000130 /* WifiTypes.swift in Sources */ = {isa = PBXBuildFile; fileRef = B1000130 /* WifiTypes.swift */; };
		A1000131 /* WindowFilter.swift in Sources */ = {isa = PBXBuildFile; fileRef = B1000131 /* WindowFilter.swift */; };
		A1000132 /* LaunchAtLoginReconciler.swift in Sources */ = {isa = PBXBuildFile; fileRef = B1000132 /* LaunchAtLoginReconciler.swift */; };
		A1000133 /* BarWindowPlan.swift in Sources */ = {isa = PBXBuildFile; fileRef = B1000133 /* BarWindowPlan.swift */; };
		A1000134 /* WindowManagerServices.swift in Sources */ = {isa = PBXBuildFile; fileRef = B1000134 /* WindowManagerServices.swift */; };
		A1000225 /* ThemeColorRole.swift in Sources */ = {isa = PBXBuildFile; fileRef = B1000114 /* ThemeColorRole.swift */; };
		A1000226 /* WidgetPalette.swift in Sources */ = {isa = PBXBuildFile; fileRef = B1000115 /* WidgetPalette.swift */; };
		A1000227 /* VolumeLevel.swift in Sources */ = {isa = PBXBuildFile; fileRef = B1000116 /* VolumeLevel.swift */; };
		A1000228 /* WidgetLabels.swift in Sources */ = {isa = PBXBuildFile; fileRef = B1000117 /* WidgetLabels.swift */; };
		A1000229 /* WeatherPresentation.swift in Sources */ = {isa = PBXBuildFile; fileRef = B1000118 /* WeatherPresentation.swift */; };
		A1000230 /* GraphGeometry.swift in Sources */ = {isa = PBXBuildFile; fileRef = B1000119 /* GraphGeometry.swift */; };
		A1000231 /* BarGeometry.swift in Sources */ = {isa = PBXBuildFile; fileRef = B1000120 /* BarGeometry.swift */; };
		A1000234 /* YabaiJSONSanitizer.swift in Sources */ = {isa = PBXBuildFile; fileRef = B1000121 /* YabaiJSONSanitizer.swift */; };
		A1000235 /* RateSampler.swift in Sources */ = {isa = PBXBuildFile; fileRef = B1000122 /* RateSampler.swift */; };
		A1000236 /* CaffeinateOptions.swift in Sources */ = {isa = PBXBuildFile; fileRef = B1000123 /* CaffeinateOptions.swift */; };
		A1000237 /* NetworkInterfaces.swift in Sources */ = {isa = PBXBuildFile; fileRef = B1000124 /* NetworkInterfaces.swift */; };
		A1000238 /* BluetoothProfileParser.swift in Sources */ = {isa = PBXBuildFile; fileRef = B1000125 /* BluetoothProfileParser.swift */; };
		A1000239 /* WifiScan.swift in Sources */ = {isa = PBXBuildFile; fileRef = B1000126 /* WifiScan.swift */; };
		A1000240 /* AerospaceMerge.swift in Sources */ = {isa = PBXBuildFile; fileRef = B1000127 /* AerospaceMerge.swift */; };
		A1000241 /* SystemMetrics.swift in Sources */ = {isa = PBXBuildFile; fileRef = B1000128 /* SystemMetrics.swift */; };
		A1000242 /* BluetoothTypes.swift in Sources */ = {isa = PBXBuildFile; fileRef = B1000129 /* BluetoothTypes.swift */; };
		A1000243 /* WifiTypes.swift in Sources */ = {isa = PBXBuildFile; fileRef = B1000130 /* WifiTypes.swift */; };
		A1000244 /* WindowFilter.swift in Sources */ = {isa = PBXBuildFile; fileRef = B1000131 /* WindowFilter.swift */; };
		A1000245 /* LaunchAtLoginReconciler.swift in Sources */ = {isa = PBXBuildFile; fileRef = B1000132 /* LaunchAtLoginReconciler.swift */; };
		A1000246 /* BarWindowPlan.swift in Sources */ = {isa = PBXBuildFile; fileRef = B1000133 /* BarWindowPlan.swift */; };
		A1000247 /* WindowManagerServices.swift in Sources */ = {isa = PBXBuildFile; fileRef = B1000134 /* WindowManagerServices.swift */; };
		A1000312 /* WidgetPaletteTests.swift in Sources */ = {isa = PBXBuildFile; fileRef = B1000312 /* WidgetPaletteTests.swift */; };
		A1000313 /* VolumeLevelTests.swift in Sources */ = {isa = PBXBuildFile; fileRef = B1000313 /* VolumeLevelTests.swift */; };
		A1000314 /* WidgetLabelsTests.swift in Sources */ = {isa = PBXBuildFile; fileRef = B1000314 /* WidgetLabelsTests.swift */; };
		A1000315 /* WeatherPresentationTests.swift in Sources */ = {isa = PBXBuildFile; fileRef = B1000315 /* WeatherPresentationTests.swift */; };
		A1000316 /* GraphGeometryTests.swift in Sources */ = {isa = PBXBuildFile; fileRef = B1000316 /* GraphGeometryTests.swift */; };
		A1000317 /* BarGeometryTests.swift in Sources */ = {isa = PBXBuildFile; fileRef = B1000317 /* BarGeometryTests.swift */; };
		A1000221 /* WidgetDragPayload.swift in Sources */ = {isa = PBXBuildFile; fileRef = B1000110 /* WidgetDragPayload.swift */; };
		A1000222 /* WidgetReorder.swift in Sources */ = {isa = PBXBuildFile; fileRef = B1000111 /* WidgetReorder.swift */; };
		A1000223 /* UserWidgetIndexRemapper.swift in Sources */ = {isa = PBXBuildFile; fileRef = B1000112 /* UserWidgetIndexRemapper.swift */; };
		A1000224 /* ProfileNameValidator.swift in Sources */ = {isa = PBXBuildFile; fileRef = B1000113 /* ProfileNameValidator.swift */; };
		A1000308 /* WidgetDragPayloadTests.swift in Sources */ = {isa = PBXBuildFile; fileRef = B1000308 /* WidgetDragPayloadTests.swift */; };
		A1000309 /* WidgetReorderTests.swift in Sources */ = {isa = PBXBuildFile; fileRef = B1000309 /* WidgetReorderTests.swift */; };
		A1000310 /* UserWidgetIndexRemapperTests.swift in Sources */ = {isa = PBXBuildFile; fileRef = B1000310 /* UserWidgetIndexRemapperTests.swift */; };
		A1000311 /* ProfileNameValidatorTests.swift in Sources */ = {isa = PBXBuildFile; fileRef = B1000311 /* ProfileNameValidatorTests.swift */; };
		A1000090 /* sfsymbols.txt in Resources */ = {isa = PBXBuildFile; fileRef = E1000012 /* sfsymbols.txt */; };
		E1000014 /* a-bar.sdef in Resources */ = {isa = PBXBuildFile; fileRef = E1000013 /* a-bar.sdef */; };
		A1000200 /* SettingsFixtures.swift in Sources */ = {isa = PBXBuildFile; fileRef = B1000200 /* SettingsFixtures.swift */; };
		A1000201 /* SettingsCodecTests.swift in Sources */ = {isa = PBXBuildFile; fileRef = B1000201 /* SettingsCodecTests.swift */; };
		A1000202 /* SettingsStoreTests.swift in Sources */ = {isa = PBXBuildFile; fileRef = B1000202 /* SettingsStoreTests.swift */; };
		A1000203 /* SettingsManagerTests.swift in Sources */ = {isa = PBXBuildFile; fileRef = B1000203 /* SettingsManagerTests.swift */; };
		A1000204 /* ProfileNormalizationTests.swift in Sources */ = {isa = PBXBuildFile; fileRef = B1000204 /* ProfileNormalizationTests.swift */; };
		A1000300 /* WidgetTypesTests.swift in Sources */ = {isa = PBXBuildFile; fileRef = B1000300 /* WidgetTypesTests.swift */; };
		A1000301 /* GraphHistoryTests.swift in Sources */ = {isa = PBXBuildFile; fileRef = B1000301 /* GraphHistoryTests.swift */; };
		A1000302 /* AerospaceDecodingTests.swift in Sources */ = {isa = PBXBuildFile; fileRef = B1000302 /* AerospaceDecodingTests.swift */; };
		A1000303 /* ThemeColorTests.swift in Sources */ = {isa = PBXBuildFile; fileRef = B1000303 /* ThemeColorTests.swift */; };
		A1000210 /* Settings.swift in Sources */ = {isa = PBXBuildFile; fileRef = B1000012 /* Settings.swift */; };
		A1000211 /* SettingsCodec.swift in Sources */ = {isa = PBXBuildFile; fileRef = B1000025 /* SettingsCodec.swift */; };
		A1000212 /* SettingsStore.swift in Sources */ = {isa = PBXBuildFile; fileRef = B1000026 /* SettingsStore.swift */; };
		A1000213 /* Profile.swift in Sources */ = {isa = PBXBuildFile; fileRef = 0F5602492F338BF200BBEA53 /* Profile.swift */; };
		A1000214 /* WidgetTypes.swift in Sources */ = {isa = PBXBuildFile; fileRef = B1000011 /* WidgetTypes.swift */; };
		A1000215 /* AerospaceTypes.swift in Sources */ = {isa = PBXBuildFile; fileRef = C2000001 /* AerospaceTypes.swift */; };
		A1000216 /* Theme.swift in Sources */ = {isa = PBXBuildFile; fileRef = B1000082 /* Theme.swift */; };
		A1000217 /* YabaiTypes.swift in Sources */ = {isa = PBXBuildFile; fileRef = B1000010 /* YabaiTypes.swift */; };
		A1000218 /* Extensions.swift in Sources */ = {isa = PBXBuildFile; fileRef = B1000083 /* Extensions.swift */; };
		A1000219 /* ShellExecutor.swift in Sources */ = {isa = PBXBuildFile; fileRef = B1000080 /* ShellExecutor.swift */; };
		A1000220 /* XBarParser.swift in Sources */ = {isa = PBXBuildFile; fileRef = B1000085 /* XBarParser.swift */; };
		A1000307 /* XBarParserTests.swift in Sources */ = {isa = PBXBuildFile; fileRef = B1000307 /* XBarParserTests.swift */; };
		A1000304 /* YabaiStateTests.swift in Sources */ = {isa = PBXBuildFile; fileRef = B1000304 /* YabaiStateTests.swift */; };
		A1000305 /* FormattingTests.swift in Sources */ = {isa = PBXBuildFile; fileRef = B1000305 /* FormattingTests.swift */; };
		A1000306 /* ShellExecutorTests.swift in Sources */ = {isa = PBXBuildFile; fileRef = B1000306 /* ShellExecutorTests.swift */; };
		A1000318 /* YabaiServiceTests.swift in Sources */ = {isa = PBXBuildFile; fileRef = B1000318 /* YabaiServiceTests.swift */; };
		A1000232 /* YabaiService.swift in Sources */ = {isa = PBXBuildFile; fileRef = B1000020 /* YabaiService.swift */; };
		A1000233 /* AppIconProvider.swift in Sources */ = {isa = PBXBuildFile; fileRef = B1000081 /* AppIconProvider.swift */; };
		A1000319 /* AppIconProviderTests.swift in Sources */ = {isa = PBXBuildFile; fileRef = B1000319 /* AppIconProviderTests.swift */; };
		A1000320 /* YabaiJSONSanitizerTests.swift in Sources */ = {isa = PBXBuildFile; fileRef = B1000320 /* YabaiJSONSanitizerTests.swift */; };
		A1000321 /* SystemMetricsTests.swift in Sources */ = {isa = PBXBuildFile; fileRef = B1000321 /* SystemMetricsTests.swift */; };
		A1000322 /* RateSamplerTests.swift in Sources */ = {isa = PBXBuildFile; fileRef = B1000322 /* RateSamplerTests.swift */; };
		A1000323 /* BluetoothProfileParserTests.swift in Sources */ = {isa = PBXBuildFile; fileRef = B1000323 /* BluetoothProfileParserTests.swift */; };
		A1000324 /* WifiScanTests.swift in Sources */ = {isa = PBXBuildFile; fileRef = B1000324 /* WifiScanTests.swift */; };
		A1000325 /* AerospaceMergeTests.swift in Sources */ = {isa = PBXBuildFile; fileRef = B1000325 /* AerospaceMergeTests.swift */; };
		A1000326 /* CaffeinateOptionsTests.swift in Sources */ = {isa = PBXBuildFile; fileRef = B1000326 /* CaffeinateOptionsTests.swift */; };
		A1000327 /* NetworkInterfacesTests.swift in Sources */ = {isa = PBXBuildFile; fileRef = B1000327 /* NetworkInterfacesTests.swift */; };
		A1000328 /* WindowFilterTests.swift in Sources */ = {isa = PBXBuildFile; fileRef = B1000328 /* WindowFilterTests.swift */; };
		A1000329 /* LaunchAtLoginReconcilerTests.swift in Sources */ = {isa = PBXBuildFile; fileRef = B1000329 /* LaunchAtLoginReconcilerTests.swift */; };
		A1000330 /* BarWindowPlanTests.swift in Sources */ = {isa = PBXBuildFile; fileRef = B1000330 /* BarWindowPlanTests.swift */; };
		A1000331 /* WindowManagerServicesTests.swift in Sources */ = {isa = PBXBuildFile; fileRef = B1000331 /* WindowManagerServicesTests.swift */; };
		A1000248 /* XBarMenu.swift in Sources */ = {isa = PBXBuildFile; fileRef = B1000100 /* XBarMenu.swift */; };
		A1000332 /* XBarMenuBuilderTests.swift in Sources */ = {isa = PBXBuildFile; fileRef = B1000332 /* XBarMenuBuilderTests.swift */; };
		A1000333 /* XBarColorTests.swift in Sources */ = {isa = PBXBuildFile; fileRef = B1000333 /* XBarColorTests.swift */; };
		A1000334 /* ProfileManagerTests.swift in Sources */ = {isa = PBXBuildFile; fileRef = B1000334 /* ProfileManagerTests.swift */; };
		A1000335 /* LayoutManagerTests.swift in Sources */ = {isa = PBXBuildFile; fileRef = B1000335 /* LayoutManagerTests.swift */; };
		A1000336 /* BluetoothTypesTests.swift in Sources */ = {isa = PBXBuildFile; fileRef = B1000336 /* BluetoothTypesTests.swift */; };
		A1000337 /* WifiTypesTests.swift in Sources */ = {isa = PBXBuildFile; fileRef = B1000337 /* WifiTypesTests.swift */; };
		A1000249 /* AerospaceService.swift in Sources */ = {isa = PBXBuildFile; fileRef = C2000002 /* AerospaceService.swift */; };
		A1000338 /* AerospaceServiceTests.swift in Sources */ = {isa = PBXBuildFile; fileRef = B1000338 /* AerospaceServiceTests.swift */; };
		A1000135 /* WidgetRefreshSchedule.swift in Sources */ = {isa = PBXBuildFile; fileRef = B1000135 /* WidgetRefreshSchedule.swift */; };
		A1000250 /* WidgetRefreshSchedule.swift in Sources */ = {isa = PBXBuildFile; fileRef = B1000135 /* WidgetRefreshSchedule.swift */; };
		A1000136 /* CPUTicks.swift in Sources */ = {isa = PBXBuildFile; fileRef = B1000136 /* CPUTicks.swift */; };
		A1000251 /* CPUTicks.swift in Sources */ = {isa = PBXBuildFile; fileRef = B1000136 /* CPUTicks.swift */; };
		A1000137 /* MemoryPressure.swift in Sources */ = {isa = PBXBuildFile; fileRef = B1000137 /* MemoryPressure.swift */; };
		A1000252 /* MemoryPressure.swift in Sources */ = {isa = PBXBuildFile; fileRef = B1000137 /* MemoryPressure.swift */; };
		A1000138 /* NetstatParser.swift in Sources */ = {isa = PBXBuildFile; fileRef = B1000138 /* NetstatParser.swift */; };
		A1000253 /* NetstatParser.swift in Sources */ = {isa = PBXBuildFile; fileRef = B1000138 /* NetstatParser.swift */; };
		A1000339 /* WidgetRefreshScheduleTests.swift in Sources */ = {isa = PBXBuildFile; fileRef = B1000339 /* WidgetRefreshScheduleTests.swift */; };
		A1000340 /* CPUTicksTests.swift in Sources */ = {isa = PBXBuildFile; fileRef = B1000340 /* CPUTicksTests.swift */; };
		A1000341 /* MemoryPressureTests.swift in Sources */ = {isa = PBXBuildFile; fileRef = B1000341 /* MemoryPressureTests.swift */; };
		A1000342 /* NetstatParserTests.swift in Sources */ = {isa = PBXBuildFile; fileRef = B1000342 /* NetstatParserTests.swift */; };
		A1000254 /* SystemInfoService.swift in Sources */ = {isa = PBXBuildFile; fileRef = B1000022 /* SystemInfoService.swift */; };
		A1000343 /* SystemInfoServiceTests.swift in Sources */ = {isa = PBXBuildFile; fileRef = B1000343 /* SystemInfoServiceTests.swift */; };
		A1000255 /* BluetoothService.swift in Sources */ = {isa = PBXBuildFile; fileRef = B1000023 /* BluetoothService.swift */; };
		A1000344 /* BluetoothServiceTests.swift in Sources */ = {isa = PBXBuildFile; fileRef = B1000344 /* BluetoothServiceTests.swift */; };
		A1000139 /* UserWidgetManager.swift in Sources */ = {isa = PBXBuildFile; fileRef = B1000139 /* UserWidgetManager.swift */; };
		A1000256 /* UserWidgetManager.swift in Sources */ = {isa = PBXBuildFile; fileRef = B1000139 /* UserWidgetManager.swift */; };
		A1000140 /* WidgetCommandDispatch.swift in Sources */ = {isa = PBXBuildFile; fileRef = B1000140 /* WidgetCommandDispatch.swift */; };
		A1000257 /* WidgetCommandDispatch.swift in Sources */ = {isa = PBXBuildFile; fileRef = B1000140 /* WidgetCommandDispatch.swift */; };
		A1000345 /* UserWidgetManagerTests.swift in Sources */ = {isa = PBXBuildFile; fileRef = B1000345 /* UserWidgetManagerTests.swift */; };
		A1000346 /* WidgetCommandDispatchTests.swift in Sources */ = {isa = PBXBuildFile; fileRef = B1000346 /* WidgetCommandDispatchTests.swift */; };
		A1000141 /* StorageVolumeSelection.swift in Sources */ = {isa = PBXBuildFile; fileRef = B1000141 /* StorageVolumeSelection.swift */; };
		A1000258 /* StorageVolumeSelection.swift in Sources */ = {isa = PBXBuildFile; fileRef = B1000141 /* StorageVolumeSelection.swift */; };
		A1000347 /* StorageVolumeSelectionTests.swift in Sources */ = {isa = PBXBuildFile; fileRef = B1000347 /* StorageVolumeSelectionTests.swift */; };
		A1000142 /* TimeMachineStatus.swift in Sources */ = {isa = PBXBuildFile; fileRef = B1000142 /* TimeMachineStatus.swift */; };
		A1000259 /* TimeMachineStatus.swift in Sources */ = {isa = PBXBuildFile; fileRef = B1000142 /* TimeMachineStatus.swift */; };
		A1000143 /* TimeMachineWidget.swift in Sources */ = {isa = PBXBuildFile; fileRef = B1000143 /* TimeMachineWidget.swift */; };
		A1000348 /* TimeMachineStatusTests.swift in Sources */ = {isa = PBXBuildFile; fileRef = B1000348 /* TimeMachineStatusTests.swift */; };
/* End PBXBuildFile section */

/* Begin PBXFileReference section */
		0F3AA90E2F392ED300554810 /* HackerNewsWidget.swift */ = {isa = PBXFileReference; lastKnownFileType = sourcecode.swift; path = HackerNewsWidget.swift; sourceTree = "<group>"; };
		0F5602472F33707500BBEA53 /* DiskActivityWidget.swift */ = {isa = PBXFileReference; lastKnownFileType = sourcecode.swift; path = DiskActivityWidget.swift; sourceTree = "<group>"; };
		0F5602492F338BF200BBEA53 /* Profile.swift */ = {isa = PBXFileReference; lastKnownFileType = sourcecode.swift; path = Profile.swift; sourceTree = "<group>"; };
		0FEC2C312F2E59FE00CDA90B /* StorageWidget.swift */ = {isa = PBXFileReference; lastKnownFileType = sourcecode.swift; path = StorageWidget.swift; sourceTree = "<group>"; };
		C2000001 /* AerospaceTypes.swift */ = {isa = PBXFileReference; lastKnownFileType = sourcecode.swift; path = AerospaceTypes.swift; sourceTree = "<group>"; };
		C2000002 /* AerospaceService.swift */ = {isa = PBXFileReference; lastKnownFileType = sourcecode.swift; path = AerospaceService.swift; sourceTree = "<group>"; };
		C2000003 /* AerospaceSpacesWidget.swift */ = {isa = PBXFileReference; lastKnownFileType = sourcecode.swift; path = AerospaceSpacesWidget.swift; sourceTree = "<group>"; };
		C2000004 /* AerospaceSpaceView.swift */ = {isa = PBXFileReference; lastKnownFileType = sourcecode.swift; path = AerospaceSpaceView.swift; sourceTree = "<group>"; };
		C2000005 /* AerospaceOpenedAppsView.swift */ = {isa = PBXFileReference; lastKnownFileType = sourcecode.swift; path = AerospaceOpenedAppsView.swift; sourceTree = "<group>"; };
		C2000006 /* AerospaceProcessWidget.swift */ = {isa = PBXFileReference; lastKnownFileType = sourcecode.swift; path = AerospaceProcessWidget.swift; sourceTree = "<group>"; };
		B1000001 /* ABarApp.swift */ = {isa = PBXFileReference; lastKnownFileType = sourcecode.swift; path = ABarApp.swift; sourceTree = "<group>"; };
		B1000002 /* AppDelegate.swift */ = {isa = PBXFileReference; lastKnownFileType = sourcecode.swift; path = AppDelegate.swift; sourceTree = "<group>"; };
		B1000003 /* BarWindow.swift */ = {isa = PBXFileReference; lastKnownFileType = sourcecode.swift; path = BarWindow.swift; sourceTree = "<group>"; };
		B1000004 /* BarView.swift */ = {isa = PBXFileReference; lastKnownFileType = sourcecode.swift; path = BarView.swift; sourceTree = "<group>"; };
		B1000005 /* Assets.xcassets */ = {isa = PBXFileReference; lastKnownFileType = folder.assetcatalog; path = Assets.xcassets; sourceTree = "<group>"; };
		B1000010 /* YabaiTypes.swift */ = {isa = PBXFileReference; lastKnownFileType = sourcecode.swift; path = YabaiTypes.swift; sourceTree = "<group>"; };
		B1000011 /* WidgetTypes.swift */ = {isa = PBXFileReference; lastKnownFileType = sourcecode.swift; path = WidgetTypes.swift; sourceTree = "<group>"; };
		B1000012 /* Settings.swift */ = {isa = PBXFileReference; lastKnownFileType = sourcecode.swift; path = Settings.swift; sourceTree = "<group>"; };
		B1000027 /* LaunchAtLogin.swift */ = {isa = PBXFileReference; lastKnownFileType = sourcecode.swift; path = LaunchAtLogin.swift; sourceTree = "<group>"; };
		B1000026 /* SettingsStore.swift */ = {isa = PBXFileReference; lastKnownFileType = sourcecode.swift; path = SettingsStore.swift; sourceTree = "<group>"; };
		B1000025 /* SettingsCodec.swift */ = {isa = PBXFileReference; lastKnownFileType = sourcecode.swift; path = SettingsCodec.swift; sourceTree = "<group>"; };
		B1000020 /* YabaiService.swift */ = {isa = PBXFileReference; lastKnownFileType = sourcecode.swift; path = YabaiService.swift; sourceTree = "<group>"; };
		B1000022 /* SystemInfoService.swift */ = {isa = PBXFileReference; lastKnownFileType = sourcecode.swift; path = SystemInfoService.swift; sourceTree = "<group>"; };
		B1000023 /* BluetoothService.swift */ = {isa = PBXFileReference; lastKnownFileType = sourcecode.swift; path = BluetoothService.swift; sourceTree = "<group>"; };
		B1000024 /* WifiService.swift */ = {isa = PBXFileReference; lastKnownFileType = sourcecode.swift; path = WifiService.swift; sourceTree = "<group>"; };
		B1000030 /* SpacesWidget.swift */ = {isa = PBXFileReference; lastKnownFileType = sourcecode.swift; path = SpacesWidget.swift; sourceTree = "<group>"; };
		B1000031 /* SpaceView.swift */ = {isa = PBXFileReference; lastKnownFileType = sourcecode.swift; path = SpaceView.swift; sourceTree = "<group>"; };
		B1000032 /* OpenedAppsView.swift */ = {isa = PBXFileReference; lastKnownFileType = sourcecode.swift; path = OpenedAppsView.swift; sourceTree = "<group>"; };
		B1000033 /* ProcessWidget.swift */ = {isa = PBXFileReference; lastKnownFileType = sourcecode.swift; path = ProcessWidget.swift; sourceTree = "<group>"; };
		B1000040 /* BatteryWidget.swift */ = {isa = PBXFileReference; lastKnownFileType = sourcecode.swift; path = BatteryWidget.swift; sourceTree = "<group>"; };
		B1000041 /* WeatherWidget.swift */ = {isa = PBXFileReference; lastKnownFileType = sourcecode.swift; path = WeatherWidget.swift; sourceTree = "<group>"; };
		B1000042 /* TimeWidget.swift */ = {isa = PBXFileReference; lastKnownFileType = sourcecode.swift; path = TimeWidget.swift; sourceTree = "<group>"; };
		B1000043 /* DateWidget.swift */ = {isa = PBXFileReference; lastKnownFileType = sourcecode.swift; path = DateWidget.swift; sourceTree = "<group>"; };
		B1000044 /* WifiWidget.swift */ = {isa = PBXFileReference; lastKnownFileType = sourcecode.swift; path = WifiWidget.swift; sourceTree = "<group>"; };
		B1000045 /* SoundWidget.swift */ = {isa = PBXFileReference; lastKnownFileType = sourcecode.swift; path = SoundWidget.swift; sourceTree = "<group>"; };
		B1000046 /* MicWidget.swift */ = {isa = PBXFileReference; lastKnownFileType = sourcecode.swift; path = MicWidget.swift; sourceTree = "<group>"; };
		B1000047 /* KeyboardWidget.swift */ = {isa = PBXFileReference; lastKnownFileType = sourcecode.swift; path = KeyboardWidget.swift; sourceTree = "<group>"; };
		B1000048 /* GitHubWidget.swift */ = {isa = PBXFileReference; lastKnownFileType = sourcecode.swift; path = GitHubWidget.swift; sourceTree = "<group>"; };
		B1000049 /* BluetoothWidget.swift */ = {isa = PBXFileReference; lastKnownFileType = sourcecode.swift; path = BluetoothWidget.swift; sourceTree = "<group>"; };
		B1000050 /* CPUWidget.swift */ = {isa = PBXFileReference; lastKnownFileType = sourcecode.swift; path = CPUWidget.swift; sourceTree = "<group>"; };
		B1000051 /* MemoryWidget.swift */ = {isa = PBXFileReference; lastKnownFileType = sourcecode.swift; path = MemoryWidget.swift; sourceTree = "<group>"; };
		B1000052 /* GPUWidget.swift */ = {isa = PBXFileReference; lastKnownFileType = sourcecode.swift; path = GPUWidget.swift; sourceTree = "<group>"; };
		B1000144 /* CPUAndGPUWidget.swift */ = {isa = PBXFileReference; lastKnownFileType = sourcecode.swift; path = CPUAndGPUWidget.swift; sourceTree = "<group>"; };
		B1000053 /* NetstatsWidget.swift */ = {isa = PBXFileReference; lastKnownFileType = sourcecode.swift; path = NetstatsWidget.swift; sourceTree = "<group>"; };
		B1000054 /* GraphView.swift */ = {isa = PBXFileReference; lastKnownFileType = sourcecode.swift; path = GraphView.swift; sourceTree = "<group>"; };
		B1000060 /* UserWidget.swift */ = {isa = PBXFileReference; lastKnownFileType = sourcecode.swift; path = UserWidget.swift; sourceTree = "<group>"; };
		B1000062 /* BaseWidgetView.swift */ = {isa = PBXFileReference; lastKnownFileType = sourcecode.swift; path = BaseWidgetView.swift; sourceTree = "<group>"; };
		B1000070 /* SettingsView.swift */ = {isa = PBXFileReference; lastKnownFileType = sourcecode.swift; path = SettingsView.swift; sourceTree = "<group>"; };
		B1000071 /* GeneralSettingsView.swift */ = {isa = PBXFileReference; lastKnownFileType = sourcecode.swift; path = GeneralSettingsView.swift; sourceTree = "<group>"; };
		B1000072 /* WidgetSettingsViews.swift */ = {isa = PBXFileReference; lastKnownFileType = sourcecode.swift; path = WidgetSettingsViews.swift; sourceTree = "<group>"; };
		B1000074 /* AppearanceSettingsView.swift */ = {isa = PBXFileReference; lastKnownFileType = sourcecode.swift; path = AppearanceSettingsView.swift; sourceTree = "<group>"; };
		B1000075 /* LayoutBuilderView.swift */ = {isa = PBXFileReference; lastKnownFileType = sourcecode.swift; path = LayoutBuilderView.swift; sourceTree = "<group>"; };
		B1000080 /* ShellExecutor.swift */ = {isa = PBXFileReference; lastKnownFileType = sourcecode.swift; path = ShellExecutor.swift; sourceTree = "<group>"; };
		B1000081 /* AppIconProvider.swift */ = {isa = PBXFileReference; lastKnownFileType = sourcecode.swift; path = AppIconProvider.swift; sourceTree = "<group>"; };
		B1000082 /* Theme.swift */ = {isa = PBXFileReference; lastKnownFileType = sourcecode.swift; path = Theme.swift; sourceTree = "<group>"; };
		B1000083 /* Extensions.swift */ = {isa = PBXFileReference; lastKnownFileType = sourcecode.swift; path = Extensions.swift; sourceTree = "<group>"; };
		B1000086 /* WidgetPopover.swift */ = {isa = PBXFileReference; lastKnownFileType = sourcecode.swift; path = WidgetPopover.swift; sourceTree = "<group>"; };
		B1000084 /* RefreshWidgetCommand.swift */ = {isa = PBXFileReference; lastKnownFileType = sourcecode.swift; path = RefreshWidgetCommand.swift; sourceTree = "<group>"; };
		B1000085 /* XBarParser.swift */ = {isa = PBXFileReference; lastKnownFileType = sourcecode.swift; path = XBarParser.swift; sourceTree = "<group>"; };
		B1000100 /* XBarMenu.swift */ = {isa = PBXFileReference; lastKnownFileType = sourcecode.swift; path = XBarMenu.swift; sourceTree = "<group>"; };
		B1000110 /* WidgetDragPayload.swift */ = {isa = PBXFileReference; lastKnownFileType = sourcecode.swift; path = "WidgetDragPayload.swift"; sourceTree = "<group>"; };
		B1000111 /* WidgetReorder.swift */ = {isa = PBXFileReference; lastKnownFileType = sourcecode.swift; path = "WidgetReorder.swift"; sourceTree = "<group>"; };
		B1000112 /* UserWidgetIndexRemapper.swift */ = {isa = PBXFileReference; lastKnownFileType = sourcecode.swift; path = "UserWidgetIndexRemapper.swift"; sourceTree = "<group>"; };
		B1000113 /* ProfileNameValidator.swift */ = {isa = PBXFileReference; lastKnownFileType = sourcecode.swift; path = "ProfileNameValidator.swift"; sourceTree = "<group>"; };
		B1000114 /* ThemeColorRole.swift */ = {isa = PBXFileReference; lastKnownFileType = sourcecode.swift; path = "ThemeColorRole.swift"; sourceTree = "<group>"; };
		B1000115 /* WidgetPalette.swift */ = {isa = PBXFileReference; lastKnownFileType = sourcecode.swift; path = "WidgetPalette.swift"; sourceTree = "<group>"; };
		B1000116 /* VolumeLevel.swift */ = {isa = PBXFileReference; lastKnownFileType = sourcecode.swift; path = "VolumeLevel.swift"; sourceTree = "<group>"; };
		B1000117 /* WidgetLabels.swift */ = {isa = PBXFileReference; lastKnownFileType = sourcecode.swift; path = "WidgetLabels.swift"; sourceTree = "<group>"; };
		B1000118 /* WeatherPresentation.swift */ = {isa = PBXFileReference; lastKnownFileType = sourcecode.swift; path = "WeatherPresentation.swift"; sourceTree = "<group>"; };
		B1000119 /* GraphGeometry.swift */ = {isa = PBXFileReference; lastKnownFileType = sourcecode.swift; path = "GraphGeometry.swift"; sourceTree = "<group>"; };
		B1000120 /* BarGeometry.swift */ = {isa = PBXFileReference; lastKnownFileType = sourcecode.swift; path = "BarGeometry.swift"; sourceTree = "<group>"; };
		B1000121 /* YabaiJSONSanitizer.swift */ = {isa = PBXFileReference; lastKnownFileType = sourcecode.swift; path = "YabaiJSONSanitizer.swift"; sourceTree = "<group>"; };
		B1000122 /* RateSampler.swift */ = {isa = PBXFileReference; lastKnownFileType = sourcecode.swift; path = "RateSampler.swift"; sourceTree = "<group>"; };
		B1000123 /* CaffeinateOptions.swift */ = {isa = PBXFileReference; lastKnownFileType = sourcecode.swift; path = "CaffeinateOptions.swift"; sourceTree = "<group>"; };
		B1000124 /* NetworkInterfaces.swift */ = {isa = PBXFileReference; lastKnownFileType = sourcecode.swift; path = "NetworkInterfaces.swift"; sourceTree = "<group>"; };
		B1000125 /* BluetoothProfileParser.swift */ = {isa = PBXFileReference; lastKnownFileType = sourcecode.swift; path = "BluetoothProfileParser.swift"; sourceTree = "<group>"; };
		B1000126 /* WifiScan.swift */ = {isa = PBXFileReference; lastKnownFileType = sourcecode.swift; path = "WifiScan.swift"; sourceTree = "<group>"; };
		B1000127 /* AerospaceMerge.swift */ = {isa = PBXFileReference; lastKnownFileType = sourcecode.swift; path = "AerospaceMerge.swift"; sourceTree = "<group>"; };
		B1000128 /* SystemMetrics.swift */ = {isa = PBXFileReference; lastKnownFileType = sourcecode.swift; path = "SystemMetrics.swift"; sourceTree = "<group>"; };
		B1000129 /* BluetoothTypes.swift */ = {isa = PBXFileReference; lastKnownFileType = sourcecode.swift; path = "BluetoothTypes.swift"; sourceTree = "<group>"; };
		B1000130 /* WifiTypes.swift */ = {isa = PBXFileReference; lastKnownFileType = sourcecode.swift; path = "WifiTypes.swift"; sourceTree = "<group>"; };
		B1000131 /* WindowFilter.swift */ = {isa = PBXFileReference; lastKnownFileType = sourcecode.swift; path = "WindowFilter.swift"; sourceTree = "<group>"; };
		B1000132 /* LaunchAtLoginReconciler.swift */ = {isa = PBXFileReference; lastKnownFileType = sourcecode.swift; path = "LaunchAtLoginReconciler.swift"; sourceTree = "<group>"; };
		B1000133 /* BarWindowPlan.swift */ = {isa = PBXFileReference; lastKnownFileType = sourcecode.swift; path = "BarWindowPlan.swift"; sourceTree = "<group>"; };
		B1000134 /* WindowManagerServices.swift */ = {isa = PBXFileReference; lastKnownFileType = sourcecode.swift; path = "WindowManagerServices.swift"; sourceTree = "<group>"; };
		B1000312 /* WidgetPaletteTests.swift */ = {isa = PBXFileReference; lastKnownFileType = sourcecode.swift; path = "WidgetPaletteTests.swift"; sourceTree = "<group>"; };
		B1000313 /* VolumeLevelTests.swift */ = {isa = PBXFileReference; lastKnownFileType = sourcecode.swift; path = "VolumeLevelTests.swift"; sourceTree = "<group>"; };
		B1000314 /* WidgetLabelsTests.swift */ = {isa = PBXFileReference; lastKnownFileType = sourcecode.swift; path = "WidgetLabelsTests.swift"; sourceTree = "<group>"; };
		B1000315 /* WeatherPresentationTests.swift */ = {isa = PBXFileReference; lastKnownFileType = sourcecode.swift; path = "WeatherPresentationTests.swift"; sourceTree = "<group>"; };
		B1000316 /* GraphGeometryTests.swift */ = {isa = PBXFileReference; lastKnownFileType = sourcecode.swift; path = "GraphGeometryTests.swift"; sourceTree = "<group>"; };
		B1000317 /* BarGeometryTests.swift */ = {isa = PBXFileReference; lastKnownFileType = sourcecode.swift; path = "BarGeometryTests.swift"; sourceTree = "<group>"; };
		B1000308 /* WidgetDragPayloadTests.swift */ = {isa = PBXFileReference; lastKnownFileType = sourcecode.swift; path = "WidgetDragPayloadTests.swift"; sourceTree = "<group>"; };
		B1000309 /* WidgetReorderTests.swift */ = {isa = PBXFileReference; lastKnownFileType = sourcecode.swift; path = "WidgetReorderTests.swift"; sourceTree = "<group>"; };
		B1000310 /* UserWidgetIndexRemapperTests.swift */ = {isa = PBXFileReference; lastKnownFileType = sourcecode.swift; path = "UserWidgetIndexRemapperTests.swift"; sourceTree = "<group>"; };
		B1000311 /* ProfileNameValidatorTests.swift */ = {isa = PBXFileReference; lastKnownFileType = sourcecode.swift; path = "ProfileNameValidatorTests.swift"; sourceTree = "<group>"; };
		D1000001 /* a-bar.app */ = {isa = PBXFileReference; explicitFileType = wrapper.application; includeInIndex = 0; path = "a-bar.app"; sourceTree = BUILT_PRODUCTS_DIR; };
		E1000010 /* a-bar.entitlements */ = {isa = PBXFileReference; lastKnownFileType = text.plist.entitlements; path = "a-bar.entitlements"; sourceTree = "<group>"; };
		E1000011 /* Info.plist */ = {isa = PBXFileReference; lastKnownFileType = text.plist.xml; path = Info.plist; sourceTree = "<group>"; };
		E1000012 /* sfsymbols.txt */ = {isa = PBXFileReference; lastKnownFileType = text; path = sfsymbols.txt; sourceTree = "<group>"; };
		E1000013 /* a-bar.sdef */ = {isa = PBXFileReference; lastKnownFileType = text.xml; path = "a-bar.sdef"; sourceTree = "<group>"; };
		B1000200 /* SettingsFixtures.swift */ = {isa = PBXFileReference; lastKnownFileType = sourcecode.swift; path = SettingsFixtures.swift; sourceTree = "<group>"; };
		B1000201 /* SettingsCodecTests.swift */ = {isa = PBXFileReference; lastKnownFileType = sourcecode.swift; path = SettingsCodecTests.swift; sourceTree = "<group>"; };
		B1000202 /* SettingsStoreTests.swift */ = {isa = PBXFileReference; lastKnownFileType = sourcecode.swift; path = SettingsStoreTests.swift; sourceTree = "<group>"; };
		B1000203 /* SettingsManagerTests.swift */ = {isa = PBXFileReference; lastKnownFileType = sourcecode.swift; path = SettingsManagerTests.swift; sourceTree = "<group>"; };
		B1000204 /* ProfileNormalizationTests.swift */ = {isa = PBXFileReference; lastKnownFileType = sourcecode.swift; path = ProfileNormalizationTests.swift; sourceTree = "<group>"; };
		B1000300 /* WidgetTypesTests.swift */ = {isa = PBXFileReference; lastKnownFileType = sourcecode.swift; path = "WidgetTypesTests.swift"; sourceTree = "<group>"; };
		B1000301 /* GraphHistoryTests.swift */ = {isa = PBXFileReference; lastKnownFileType = sourcecode.swift; path = "GraphHistoryTests.swift"; sourceTree = "<group>"; };
		B1000302 /* AerospaceDecodingTests.swift */ = {isa = PBXFileReference; lastKnownFileType = sourcecode.swift; path = "AerospaceDecodingTests.swift"; sourceTree = "<group>"; };
		B1000303 /* ThemeColorTests.swift */ = {isa = PBXFileReference; lastKnownFileType = sourcecode.swift; path = "ThemeColorTests.swift"; sourceTree = "<group>"; };
		B1000304 /* YabaiStateTests.swift */ = {isa = PBXFileReference; lastKnownFileType = sourcecode.swift; path = "YabaiStateTests.swift"; sourceTree = "<group>"; };
		B1000305 /* FormattingTests.swift */ = {isa = PBXFileReference; lastKnownFileType = sourcecode.swift; path = "FormattingTests.swift"; sourceTree = "<group>"; };
		B1000306 /* ShellExecutorTests.swift */ = {isa = PBXFileReference; lastKnownFileType = sourcecode.swift; path = "ShellExecutorTests.swift"; sourceTree = "<group>"; };
		B1000307 /* XBarParserTests.swift */ = {isa = PBXFileReference; lastKnownFileType = sourcecode.swift; path = "XBarParserTests.swift"; sourceTree = "<group>"; };
		D1000002 /* a-barTests.xctest */ = {isa = PBXFileReference; explicitFileType = wrapper.cfbundle; includeInIndex = 0; path = "a-barTests.xctest"; sourceTree = BUILT_PRODUCTS_DIR; };
		B1000318 /* YabaiServiceTests.swift */ = {isa = PBXFileReference; lastKnownFileType = sourcecode.swift; path = YabaiServiceTests.swift; sourceTree = "<group>"; };
		B1000319 /* AppIconProviderTests.swift */ = {isa = PBXFileReference; lastKnownFileType = sourcecode.swift; path = AppIconProviderTests.swift; sourceTree = "<group>"; };
		B1000320 /* YabaiJSONSanitizerTests.swift */ = {isa = PBXFileReference; lastKnownFileType = sourcecode.swift; path = YabaiJSONSanitizerTests.swift; sourceTree = "<group>"; };
		B1000321 /* SystemMetricsTests.swift */ = {isa = PBXFileReference; lastKnownFileType = sourcecode.swift; path = SystemMetricsTests.swift; sourceTree = "<group>"; };
		B1000322 /* RateSamplerTests.swift */ = {isa = PBXFileReference; lastKnownFileType = sourcecode.swift; path = RateSamplerTests.swift; sourceTree = "<group>"; };
		B1000323 /* BluetoothProfileParserTests.swift */ = {isa = PBXFileReference; lastKnownFileType = sourcecode.swift; path = BluetoothProfileParserTests.swift; sourceTree = "<group>"; };
		B1000324 /* WifiScanTests.swift */ = {isa = PBXFileReference; lastKnownFileType = sourcecode.swift; path = WifiScanTests.swift; sourceTree = "<group>"; };
		B1000325 /* AerospaceMergeTests.swift */ = {isa = PBXFileReference; lastKnownFileType = sourcecode.swift; path = AerospaceMergeTests.swift; sourceTree = "<group>"; };
		B1000326 /* CaffeinateOptionsTests.swift */ = {isa = PBXFileReference; lastKnownFileType = sourcecode.swift; path = CaffeinateOptionsTests.swift; sourceTree = "<group>"; };
		B1000327 /* NetworkInterfacesTests.swift */ = {isa = PBXFileReference; lastKnownFileType = sourcecode.swift; path = NetworkInterfacesTests.swift; sourceTree = "<group>"; };
		B1000328 /* WindowFilterTests.swift */ = {isa = PBXFileReference; lastKnownFileType = sourcecode.swift; path = WindowFilterTests.swift; sourceTree = "<group>"; };
		B1000329 /* LaunchAtLoginReconcilerTests.swift */ = {isa = PBXFileReference; lastKnownFileType = sourcecode.swift; path = LaunchAtLoginReconcilerTests.swift; sourceTree = "<group>"; };
		B1000330 /* BarWindowPlanTests.swift */ = {isa = PBXFileReference; lastKnownFileType = sourcecode.swift; path = BarWindowPlanTests.swift; sourceTree = "<group>"; };
		B1000331 /* WindowManagerServicesTests.swift */ = {isa = PBXFileReference; lastKnownFileType = sourcecode.swift; path = WindowManagerServicesTests.swift; sourceTree = "<group>"; };
		B1000332 /* XBarMenuBuilderTests.swift */ = {isa = PBXFileReference; lastKnownFileType = sourcecode.swift; path = "XBarMenuBuilderTests.swift"; sourceTree = "<group>"; };
		B1000333 /* XBarColorTests.swift */ = {isa = PBXFileReference; lastKnownFileType = sourcecode.swift; path = "XBarColorTests.swift"; sourceTree = "<group>"; };
		B1000334 /* ProfileManagerTests.swift */ = {isa = PBXFileReference; lastKnownFileType = sourcecode.swift; path = "ProfileManagerTests.swift"; sourceTree = "<group>"; };
		B1000335 /* LayoutManagerTests.swift */ = {isa = PBXFileReference; lastKnownFileType = sourcecode.swift; path = "LayoutManagerTests.swift"; sourceTree = "<group>"; };
		B1000336 /* BluetoothTypesTests.swift */ = {isa = PBXFileReference; lastKnownFileType = sourcecode.swift; path = "BluetoothTypesTests.swift"; sourceTree = "<group>"; };
		B1000337 /* WifiTypesTests.swift */ = {isa = PBXFileReference; lastKnownFileType = sourcecode.swift; path = "WifiTypesTests.swift"; sourceTree = "<group>"; };
		B1000338 /* AerospaceServiceTests.swift */ = {isa = PBXFileReference; lastKnownFileType = sourcecode.swift; path = "AerospaceServiceTests.swift"; sourceTree = "<group>"; };
		B1000135 /* WidgetRefreshSchedule.swift */ = {isa = PBXFileReference; lastKnownFileType = sourcecode.swift; path = "WidgetRefreshSchedule.swift"; sourceTree = "<group>"; };
		B1000136 /* CPUTicks.swift */ = {isa = PBXFileReference; lastKnownFileType = sourcecode.swift; path = "CPUTicks.swift"; sourceTree = "<group>"; };
		B1000137 /* MemoryPressure.swift */ = {isa = PBXFileReference; lastKnownFileType = sourcecode.swift; path = "MemoryPressure.swift"; sourceTree = "<group>"; };
		B1000138 /* NetstatParser.swift */ = {isa = PBXFileReference; lastKnownFileType = sourcecode.swift; path = "NetstatParser.swift"; sourceTree = "<group>"; };
		B1000339 /* WidgetRefreshScheduleTests.swift */ = {isa = PBXFileReference; lastKnownFileType = sourcecode.swift; path = "WidgetRefreshScheduleTests.swift"; sourceTree = "<group>"; };
		B1000340 /* CPUTicksTests.swift */ = {isa = PBXFileReference; lastKnownFileType = sourcecode.swift; path = "CPUTicksTests.swift"; sourceTree = "<group>"; };
		B1000341 /* MemoryPressureTests.swift */ = {isa = PBXFileReference; lastKnownFileType = sourcecode.swift; path = "MemoryPressureTests.swift"; sourceTree = "<group>"; };
		B1000342 /* NetstatParserTests.swift */ = {isa = PBXFileReference; lastKnownFileType = sourcecode.swift; path = "NetstatParserTests.swift"; sourceTree = "<group>"; };
		B1000343 /* SystemInfoServiceTests.swift */ = {isa = PBXFileReference; lastKnownFileType = sourcecode.swift; path = "SystemInfoServiceTests.swift"; sourceTree = "<group>"; };
		B1000344 /* BluetoothServiceTests.swift */ = {isa = PBXFileReference; lastKnownFileType = sourcecode.swift; path = "BluetoothServiceTests.swift"; sourceTree = "<group>"; };
		B1000139 /* UserWidgetManager.swift */ = {isa = PBXFileReference; lastKnownFileType = sourcecode.swift; path = "UserWidgetManager.swift"; sourceTree = "<group>"; };
		B1000140 /* WidgetCommandDispatch.swift */ = {isa = PBXFileReference; lastKnownFileType = sourcecode.swift; path = "WidgetCommandDispatch.swift"; sourceTree = "<group>"; };
		B1000345 /* UserWidgetManagerTests.swift */ = {isa = PBXFileReference; lastKnownFileType = sourcecode.swift; path = "UserWidgetManagerTests.swift"; sourceTree = "<group>"; };
		B1000346 /* WidgetCommandDispatchTests.swift */ = {isa = PBXFileReference; lastKnownFileType = sourcecode.swift; path = "WidgetCommandDispatchTests.swift"; sourceTree = "<group>"; };
		B1000141 /* StorageVolumeSelection.swift */ = {isa = PBXFileReference; lastKnownFileType = sourcecode.swift; path = "StorageVolumeSelection.swift"; sourceTree = "<group>"; };
		B1000347 /* StorageVolumeSelectionTests.swift */ = {isa = PBXFileReference; lastKnownFileType = sourcecode.swift; path = "StorageVolumeSelectionTests.swift"; sourceTree = "<group>"; };
		B1000142 /* TimeMachineStatus.swift */ = {isa = PBXFileReference; lastKnownFileType = sourcecode.swift; path = "TimeMachineStatus.swift"; sourceTree = "<group>"; };
		B1000143 /* TimeMachineWidget.swift */ = {isa = PBXFileReference; lastKnownFileType = sourcecode.swift; path = TimeMachineWidget.swift; sourceTree = "<group>"; };
		B1000348 /* TimeMachineStatusTests.swift */ = {isa = PBXFileReference; lastKnownFileType = sourcecode.swift; path = "TimeMachineStatusTests.swift"; sourceTree = "<group>"; };
/* End PBXFileReference section */

/* Begin PBXFrameworksBuildPhase section */
		F1000001 /* Frameworks */ = {
			isa = PBXFrameworksBuildPhase;
			buildActionMask = 2147483647;
			files = (
			);
			runOnlyForDeploymentPostprocessing = 0;
		};
		F1000002 /* Frameworks */ = {
			isa = PBXFrameworksBuildPhase;
			buildActionMask = 2147483647;
			files = (
			);
			runOnlyForDeploymentPostprocessing = 0;
		};
/* End PBXFrameworksBuildPhase section */

/* Begin PBXGroup section */
		G1000001 = {
			isa = PBXGroup;
			children = (
				G1000002 /* a-bar */,
				G1000200 /* a-barTests */,
				G1000100 /* Products */,
			);
			sourceTree = "<group>";
		};
		G1000002 /* a-bar */ = {
			isa = PBXGroup;
			children = (
				B1000001 /* ABarApp.swift */,
				B1000002 /* AppDelegate.swift */,
				B1000003 /* BarWindow.swift */,
				B1000004 /* BarView.swift */,
				B1000005 /* Assets.xcassets */,
				E1000010 /* a-bar.entitlements */,
				E1000011 /* Info.plist */,
				E1000013 /* a-bar.sdef */,
				G1000009 /* Logic */,
				G1000003 /* Models */,
				G1000004 /* Services */,
				G1000005 /* Widgets */,
				G1000006 /* Views */,
				G1000007 /* Utilities */,
				G1000008 /* Resources */,
			);
			path = "a-bar";
			sourceTree = "<group>";
		};
		G1000003 /* Models */ = {
			isa = PBXGroup;
			children = (
				0F5602492F338BF200BBEA53 /* Profile.swift */,
				C2000001 /* AerospaceTypes.swift */,
				B1000010 /* YabaiTypes.swift */,
				B1000011 /* WidgetTypes.swift */,
				B1000012 /* Settings.swift */,
				B1000025 /* SettingsCodec.swift */,
				B1000026 /* SettingsStore.swift */,
				B1000128 /* SystemMetrics.swift */,
				B1000129 /* BluetoothTypes.swift */,
				B1000130 /* WifiTypes.swift */,
			);
			path = Models;
			sourceTree = "<group>";
		};
		G1000004 /* Services */ = {
			isa = PBXGroup;
			children = (
				B1000140 /* WidgetCommandDispatch.swift */,
				B1000139 /* UserWidgetManager.swift */,
				B1000020 /* YabaiService.swift */,
				C2000002 /* AerospaceService.swift */,
				B1000022 /* SystemInfoService.swift */,
				B1000023 /* BluetoothService.swift */,
				B1000024 /* WifiService.swift */,
				B1000084 /* RefreshWidgetCommand.swift */,
			B1000085 /* XBarParser.swift */,
				B1000100 /* XBarMenu.swift */,
			);
			path = Services;
			sourceTree = "<group>";
		};
		G1000005 /* Widgets */ = {
			isa = PBXGroup;
			children = (
				B1000062 /* BaseWidgetView.swift */,
				G1000005A /* Yabai */,
				G1000005E /* Aerospace */,
				G1000005B /* Data */,
				G1000005C /* Graphs */,
				G1000005D /* Custom */,
			);
			path = Widgets;
			sourceTree = "<group>";
		};
		G1000005E /* Aerospace */ = {
			isa = PBXGroup;
			children = (
				C2000003 /* AerospaceSpacesWidget.swift */,
				C2000004 /* AerospaceSpaceView.swift */,
				C2000005 /* AerospaceOpenedAppsView.swift */,
				C2000006 /* AerospaceProcessWidget.swift */,
			);
			path = Aerospace;
			sourceTree = "<group>";
		};
		G1000005A /* Yabai */ = {
			isa = PBXGroup;
			children = (
				B1000030 /* SpacesWidget.swift */,
				B1000031 /* SpaceView.swift */,
				B1000032 /* OpenedAppsView.swift */,
				B1000033 /* ProcessWidget.swift */,
			);
			path = Yabai;
			sourceTree = "<group>";
		};
		G1000005B /* Data */ = {
			isa = PBXGroup;
			children = (
				0F3AA90E2F392ED300554810 /* HackerNewsWidget.swift */,
				0FEC2C312F2E59FE00CDA90B /* StorageWidget.swift */,
				B1000040 /* BatteryWidget.swift */,
				B1000041 /* WeatherWidget.swift */,
				B1000042 /* TimeWidget.swift */,
				B1000043 /* DateWidget.swift */,
				B1000044 /* WifiWidget.swift */,
				B1000045 /* SoundWidget.swift */,
				B1000046 /* MicWidget.swift */,
				B1000047 /* KeyboardWidget.swift */,
				B1000143 /* TimeMachineWidget.swift */,
				B1000048 /* GitHubWidget.swift */,
				B1000049 /* BluetoothWidget.swift */,
			);
			path = Data;
			sourceTree = "<group>";
		};
		G1000005C /* Graphs */ = {
			isa = PBXGroup;
			children = (
				0F5602472F33707500BBEA53 /* DiskActivityWidget.swift */,
				B1000050 /* CPUWidget.swift */,
				B1000051 /* MemoryWidget.swift */,
				B1000052 /* GPUWidget.swift */,
				B1000144 /* CPUAndGPUWidget.swift */,
				B1000053 /* NetstatsWidget.swift */,
				B1000054 /* GraphView.swift */,
			);
			path = Graphs;
			sourceTree = "<group>";
		};
		G1000005D /* Custom */ = {
			isa = PBXGroup;
			children = (
				B1000060 /* UserWidget.swift */,
			);
			path = Custom;
			sourceTree = "<group>";
		};
		G1000006 /* Views */ = {
			isa = PBXGroup;
			children = (
				G1000006A /* Settings */,
			);
			path = Views;
			sourceTree = "<group>";
		};
		G1000006A /* Settings */ = {
			isa = PBXGroup;
			children = (
				B1000070 /* SettingsView.swift */,
				B1000071 /* GeneralSettingsView.swift */,
				B1000072 /* WidgetSettingsViews.swift */,
				B1000074 /* AppearanceSettingsView.swift */,
				B1000075 /* LayoutBuilderView.swift */,
			);
			path = Settings;
			sourceTree = "<group>";
		};
		G1000007 /* Utilities */ = {
			isa = PBXGroup;
			children = (
				B1000080 /* ShellExecutor.swift */,
				B1000081 /* AppIconProvider.swift */,
				B1000082 /* Theme.swift */,
				B1000027 /* LaunchAtLogin.swift */,
				B1000083 /* Extensions.swift */,
				B1000086 /* WidgetPopover.swift */,
			);
			path = Utilities;
			sourceTree = "<group>";
		};
		G1000008 /* Resources */ = {
			isa = PBXGroup;
			children = (
				E1000012 /* sfsymbols.txt */,
			);
			path = Resources;
			sourceTree = "<group>";
		};
		G1000009 /* Logic */ = {
			isa = PBXGroup;
			children = (
				B1000138 /* NetstatParser.swift */,
				B1000137 /* MemoryPressure.swift */,
				B1000136 /* CPUTicks.swift */,
				B1000135 /* WidgetRefreshSchedule.swift */,
				B1000110 /* WidgetDragPayload.swift */,
				B1000111 /* WidgetReorder.swift */,
				B1000112 /* UserWidgetIndexRemapper.swift */,
				B1000113 /* ProfileNameValidator.swift */,
				B1000114 /* ThemeColorRole.swift */,
				B1000115 /* WidgetPalette.swift */,
				B1000116 /* VolumeLevel.swift */,
				B1000117 /* WidgetLabels.swift */,
				B1000118 /* WeatherPresentation.swift */,
				B1000119 /* GraphGeometry.swift */,
				B1000120 /* BarGeometry.swift */,
				B1000121 /* YabaiJSONSanitizer.swift */,
				B1000122 /* RateSampler.swift */,
				B1000123 /* CaffeinateOptions.swift */,
				B1000124 /* NetworkInterfaces.swift */,
				B1000125 /* BluetoothProfileParser.swift */,
				B1000126 /* WifiScan.swift */,
				B1000127 /* AerospaceMerge.swift */,
				B1000131 /* WindowFilter.swift */,
				B1000141 /* StorageVolumeSelection.swift */,
				B1000142 /* TimeMachineStatus.swift */,
				B1000132 /* LaunchAtLoginReconciler.swift */,
				B1000133 /* BarWindowPlan.swift */,
				B1000134 /* WindowManagerServices.swift */,
			);
			path = Logic;
			sourceTree = "<group>";
		};
		G1000100 /* Products */ = {
			isa = PBXGroup;
			children = (
				D1000001 /* a-bar.app */,
				D1000002 /* a-barTests.xctest */,
			);
			name = Products;
			sourceTree = "<group>";
		};
		G1000200 /* a-barTests */ = {
			isa = PBXGroup;
			children = (
				B1000346 /* WidgetCommandDispatchTests.swift */,
				B1000345 /* UserWidgetManagerTests.swift */,
				B1000344 /* BluetoothServiceTests.swift */,
				B1000343 /* SystemInfoServiceTests.swift */,
				B1000342 /* NetstatParserTests.swift */,
				B1000341 /* MemoryPressureTests.swift */,
				B1000340 /* CPUTicksTests.swift */,
				B1000339 /* WidgetRefreshScheduleTests.swift */,
				B1000338 /* AerospaceServiceTests.swift */,
				B1000337 /* WifiTypesTests.swift */,
				B1000336 /* BluetoothTypesTests.swift */,
				B1000335 /* LayoutManagerTests.swift */,
				B1000334 /* ProfileManagerTests.swift */,
				B1000333 /* XBarColorTests.swift */,
				B1000332 /* XBarMenuBuilderTests.swift */,
				B1000200 /* SettingsFixtures.swift */,
				B1000201 /* SettingsCodecTests.swift */,
				B1000202 /* SettingsStoreTests.swift */,
				B1000203 /* SettingsManagerTests.swift */,
				B1000204 /* ProfileNormalizationTests.swift */,
				B1000300 /* WidgetTypesTests.swift */,
				B1000301 /* GraphHistoryTests.swift */,
				B1000302 /* AerospaceDecodingTests.swift */,
				B1000303 /* ThemeColorTests.swift */,
				B1000304 /* YabaiStateTests.swift */,
				B1000318 /* YabaiServiceTests.swift */,
				B1000319 /* AppIconProviderTests.swift */,
				B1000320 /* YabaiJSONSanitizerTests.swift */,
				B1000321 /* SystemMetricsTests.swift */,
				B1000347 /* StorageVolumeSelectionTests.swift */,
				B1000348 /* TimeMachineStatusTests.swift */,
				B1000322 /* RateSamplerTests.swift */,
				B1000323 /* BluetoothProfileParserTests.swift */,
				B1000324 /* WifiScanTests.swift */,
				B1000325 /* AerospaceMergeTests.swift */,
				B1000326 /* CaffeinateOptionsTests.swift */,
				B1000327 /* NetworkInterfacesTests.swift */,
				B1000305 /* FormattingTests.swift */,
				B1000306 /* ShellExecutorTests.swift */,
				B1000307 /* XBarParserTests.swift */,
				B1000308 /* WidgetDragPayloadTests.swift */,
				B1000309 /* WidgetReorderTests.swift */,
				B1000310 /* UserWidgetIndexRemapperTests.swift */,
				B1000311 /* ProfileNameValidatorTests.swift */,
				B1000312 /* WidgetPaletteTests.swift */,
				B1000313 /* VolumeLevelTests.swift */,
				B1000314 /* WidgetLabelsTests.swift */,
				B1000315 /* WeatherPresentationTests.swift */,
				B1000316 /* GraphGeometryTests.swift */,
				B1000317 /* BarGeometryTests.swift */,
				B1000328 /* WindowFilterTests.swift */,
				B1000329 /* LaunchAtLoginReconcilerTests.swift */,
				B1000330 /* BarWindowPlanTests.swift */,
				B1000331 /* WindowManagerServicesTests.swift */,
			);
			path = "a-barTests";
			sourceTree = "<group>";
		};
/* End PBXGroup section */

/* Begin PBXAggregateTarget section */
		T1000003 /* CopyAppToCheckout */ = {
			isa = PBXAggregateTarget;
			buildConfigurationList = X1000003 /* Build configuration list for PBXAggregateTarget "CopyAppToCheckout" */;
			buildPhases = (
				H1000001 /* Copy a-bar.app to checkout */,
			);
			dependencies = (
				K1000001 /* PBXTargetDependency */,
			);
			name = CopyAppToCheckout;
			productName = CopyAppToCheckout;
		};
/* End PBXAggregateTarget section */

/* Begin PBXContainerItemProxy section */
		K1000002 /* PBXContainerItemProxy */ = {
			isa = PBXContainerItemProxy;
			containerPortal = P1000001 /* Project object */;
			proxyType = 1;
			remoteGlobalIDString = T1000001;
			remoteInfo = "a-bar";
		};
/* End PBXContainerItemProxy section */

/* Begin PBXShellScriptBuildPhase section */
		H1000001 /* Copy a-bar.app to checkout */ = {
			isa = PBXShellScriptBuildPhase;
			alwaysOutOfDate = 1;
			buildActionMask = 2147483647;
			files = (
			);
			inputFileListPaths = (
			);
			inputPaths = (
			);
			name = "Copy a-bar.app to checkout";
			outputFileListPaths = (
			);
			outputPaths = (
			);
			runOnlyForDeploymentPostprocessing = 0;
			shellPath = /bin/zsh;
			shellScript = "\"$SRCROOT/scripts/copy-app-to-checkout.sh\" --apply\n";
		};
/* End PBXShellScriptBuildPhase section */

/* Begin PBXTargetDependency section */
		K1000001 /* PBXTargetDependency */ = {
			isa = PBXTargetDependency;
			target = T1000001 /* a-bar */;
			targetProxy = K1000002 /* PBXContainerItemProxy */;
		};
/* End PBXTargetDependency section */

/* Begin PBXNativeTarget section */
		T1000001 /* a-bar */ = {
			isa = PBXNativeTarget;
			buildConfigurationList = X1000001 /* Build configuration list for PBXNativeTarget "a-bar" */;
			buildPhases = (
				S1000001 /* Sources */,
				F1000001 /* Frameworks */,
				R1000001 /* Resources */,
			);
			buildRules = (
			);
			dependencies = (
			);
			name = "a-bar";
			productName = "a-bar";
			productReference = D1000001 /* a-bar.app */;
			productType = "com.apple.product-type.application";
		};
		T1000002 /* a-barTests */ = {
			isa = PBXNativeTarget;
			buildConfigurationList = X1000002 /* Build configuration list for PBXNativeTarget "a-barTests" */;
			buildPhases = (
				S1000002 /* Sources */,
				F1000002 /* Frameworks */,
			);
			buildRules = (
			);
			dependencies = (
			);
			name = "a-barTests";
			productName = "a-barTests";
			productReference = D1000002 /* a-barTests.xctest */;
			productType = "com.apple.product-type.bundle.unit-test";
		};
/* End PBXNativeTarget section */

/* Begin PBXProject section */
		P1000001 /* Project object */ = {
			isa = PBXProject;
			attributes = {
				BuildIndependentTargetsInParallel = 1;
				LastSwiftUpdateCheck = 1500;
				LastUpgradeCheck = 2600;
				TargetAttributes = {
					T1000001 = {
						CreatedOnToolsVersion = 15.0;
					};
				};
			};
			buildConfigurationList = X0000001 /* Build configuration list for PBXProject "a-bar" */;
			compatibilityVersion = "Xcode 14.0";
			developmentRegion = en;
			hasScannedForEncodings = 0;
			knownRegions = (
				en,
				Base,
			);
			mainGroup = G1000001;
			productRefGroup = G1000100 /* Products */;
			projectDirPath = "";
			projectRoot = "";
			targets = (
				T1000001 /* a-bar */,
				T1000002 /* a-barTests */,
				T1000003 /* CopyAppToCheckout */,
			);
		};
/* End PBXProject section */

/* Begin PBXResourcesBuildPhase section */
		R1000001 /* Resources */ = {
			isa = PBXResourcesBuildPhase;
			buildActionMask = 2147483647;
			files = (
				A1000005 /* Assets.xcassets in Resources */,
				A1000090 /* sfsymbols.txt in Resources */,
				E1000014 /* a-bar.sdef in Resources */,
			);
			runOnlyForDeploymentPostprocessing = 0;
		};
/* End PBXResourcesBuildPhase section */

/* Begin PBXSourcesBuildPhase section */
		S1000001 /* Sources */ = {
			isa = PBXSourcesBuildPhase;
			buildActionMask = 2147483647;
			files = (
				A1000140 /* WidgetCommandDispatch.swift in Sources */,
				A1000139 /* UserWidgetManager.swift in Sources */,
				A1000138 /* NetstatParser.swift in Sources */,
				A1000137 /* MemoryPressure.swift in Sources */,
				A1000136 /* CPUTicks.swift in Sources */,
				A1000135 /* WidgetRefreshSchedule.swift in Sources */,
				A1000001 /* ABarApp.swift in Sources */,
				A1000002 /* AppDelegate.swift in Sources */,
				A1000003 /* BarWindow.swift in Sources */,
				A1000004 /* BarView.swift in Sources */,
				A1000010 /* YabaiTypes.swift in Sources */,
				A1000011 /* WidgetTypes.swift in Sources */,
				0F3AA90F2F392ED300554810 /* HackerNewsWidget.swift in Sources */,
				A1000012 /* Settings.swift in Sources */,
				A1000027 /* LaunchAtLogin.swift in Sources */,
				A1000026 /* SettingsStore.swift in Sources */,
				A1000025 /* SettingsCodec.swift in Sources */,
				0FEC2C322F2E59FE00CDA90B /* StorageWidget.swift in Sources */,
				A1000020 /* YabaiService.swift in Sources */,
				A1000022 /* SystemInfoService.swift in Sources */,
				A1000023 /* BluetoothService.swift in Sources */,
				A1000024 /* WifiService.swift in Sources */,
				A1000084 /* RefreshWidgetCommand.swift in Sources */,
				A1000030 /* SpacesWidget.swift in Sources */,
				A1000031 /* SpaceView.swift in Sources */,
				0F5602482F33707500BBEA53 /* DiskActivityWidget.swift in Sources */,
				A1000032 /* OpenedAppsView.swift in Sources */,
				A1000033 /* ProcessWidget.swift in Sources */,
				A1000040 /* BatteryWidget.swift in Sources */,
				A1000041 /* WeatherWidget.swift in Sources */,
				A1000042 /* TimeWidget.swift in Sources */,
				A1000043 /* DateWidget.swift in Sources */,
				A1000044 /* WifiWidget.swift in Sources */,
				A1000045 /* SoundWidget.swift in Sources */,
				A1000046 /* MicWidget.swift in Sources */,
				A1000047 /* KeyboardWidget.swift in Sources */,
				A1000048 /* GitHubWidget.swift in Sources */,
				A1000049 /* BluetoothWidget.swift in Sources */,
				A1000050 /* CPUWidget.swift in Sources */,
				A1000051 /* MemoryWidget.swift in Sources */,
				A1000052 /* GPUWidget.swift in Sources */,
				A1000144 /* CPUAndGPUWidget.swift in Sources */,
				A1000053 /* NetstatsWidget.swift in Sources */,
				A1000054 /* GraphView.swift in Sources */,
				A1000060 /* UserWidget.swift in Sources */,
				0F56024A2F338BF200BBEA53 /* Profile.swift in Sources */,
				A1000062 /* BaseWidgetView.swift in Sources */,
				A1000070 /* SettingsView.swift in Sources */,
				A1000071 /* GeneralSettingsView.swift in Sources */,
				A1000072 /* WidgetSettingsViews.swift in Sources */,
				A1000074 /* AppearanceSettingsView.swift in Sources */,
				A1000075 /* LayoutBuilderView.swift in Sources */,
				A1000080 /* ShellExecutor.swift in Sources */,
				A1000081 /* AppIconProvider.swift in Sources */,
				A1000082 /* Theme.swift in Sources */,
				A1000083 /* Extensions.swift in Sources */,
				A1000086 /* WidgetPopover.swift in Sources */,
				C1000001 /* AerospaceTypes.swift in Sources */,
				C1000002 /* AerospaceService.swift in Sources */,
				C1000003 /* AerospaceSpacesWidget.swift in Sources */,
				C1000004 /* AerospaceSpaceView.swift in Sources */,
				C1000005 /* AerospaceOpenedAppsView.swift in Sources */,
				C1000006 /* AerospaceProcessWidget.swift in Sources */,
				A1000085 /* XBarParser.swift in Sources */,
				A1000100 /* XBarMenu.swift in Sources */,
				A1000110 /* WidgetDragPayload.swift in Sources */,
				A1000111 /* WidgetReorder.swift in Sources */,
				A1000112 /* UserWidgetIndexRemapper.swift in Sources */,
				A1000113 /* ProfileNameValidator.swift in Sources */,
				A1000114 /* ThemeColorRole.swift in Sources */,
				A1000115 /* WidgetPalette.swift in Sources */,
				A1000116 /* VolumeLevel.swift in Sources */,
				A1000117 /* WidgetLabels.swift in Sources */,
				A1000118 /* WeatherPresentation.swift in Sources */,
				A1000119 /* GraphGeometry.swift in Sources */,
				A1000120 /* BarGeometry.swift in Sources */,
				A1000121 /* YabaiJSONSanitizer.swift in Sources */,
				A1000122 /* RateSampler.swift in Sources */,
				A1000123 /* CaffeinateOptions.swift in Sources */,
				A1000124 /* NetworkInterfaces.swift in Sources */,
				A1000125 /* BluetoothProfileParser.swift in Sources */,
				A1000126 /* WifiScan.swift in Sources */,
				A1000127 /* AerospaceMerge.swift in Sources */,
				A1000128 /* SystemMetrics.swift in Sources */,
				A1000129 /* BluetoothTypes.swift in Sources */,
				A1000130 /* WifiTypes.swift in Sources */,
				A1000131 /* WindowFilter.swift in Sources */,
				A1000141 /* StorageVolumeSelection.swift in Sources */,
				A1000142 /* TimeMachineStatus.swift in Sources */,
				A1000143 /* TimeMachineWidget.swift in Sources */,
				A1000132 /* LaunchAtLoginReconciler.swift in Sources */,
				A1000133 /* BarWindowPlan.swift in Sources */,
				A1000134 /* WindowManagerServices.swift in Sources */,
			);
			runOnlyForDeploymentPostprocessing = 0;
		};
		S1000002 /* Sources */ = {
			isa = PBXSourcesBuildPhase;
			buildActionMask = 2147483647;
			files = (
				A1000346 /* WidgetCommandDispatchTests.swift in Sources */,
				A1000345 /* UserWidgetManagerTests.swift in Sources */,
				A1000257 /* WidgetCommandDispatch.swift in Sources */,
				A1000256 /* UserWidgetManager.swift in Sources */,
				A1000344 /* BluetoothServiceTests.swift in Sources */,
				A1000255 /* BluetoothService.swift in Sources */,
				A1000343 /* SystemInfoServiceTests.swift in Sources */,
				A1000254 /* SystemInfoService.swift in Sources */,
				A1000342 /* NetstatParserTests.swift in Sources */,
				A1000341 /* MemoryPressureTests.swift in Sources */,
				A1000340 /* CPUTicksTests.swift in Sources */,
				A1000339 /* WidgetRefreshScheduleTests.swift in Sources */,
				A1000253 /* NetstatParser.swift in Sources */,
				A1000252 /* MemoryPressure.swift in Sources */,
				A1000251 /* CPUTicks.swift in Sources */,
				A1000250 /* WidgetRefreshSchedule.swift in Sources */,
				A1000338 /* AerospaceServiceTests.swift in Sources */,
				A1000249 /* AerospaceService.swift in Sources */,
				A1000337 /* WifiTypesTests.swift in Sources */,
				A1000336 /* BluetoothTypesTests.swift in Sources */,
				A1000335 /* LayoutManagerTests.swift in Sources */,
				A1000334 /* ProfileManagerTests.swift in Sources */,
				A1000333 /* XBarColorTests.swift in Sources */,
				A1000332 /* XBarMenuBuilderTests.swift in Sources */,
				A1000248 /* XBarMenu.swift in Sources */,
				A1000200 /* SettingsFixtures.swift in Sources */,
				A1000201 /* SettingsCodecTests.swift in Sources */,
				A1000202 /* SettingsStoreTests.swift in Sources */,
				A1000203 /* SettingsManagerTests.swift in Sources */,
				A1000204 /* ProfileNormalizationTests.swift in Sources */,
				A1000300 /* WidgetTypesTests.swift in Sources */,
				A1000301 /* GraphHistoryTests.swift in Sources */,
				A1000302 /* AerospaceDecodingTests.swift in Sources */,
				A1000303 /* ThemeColorTests.swift in Sources */,
				A1000304 /* YabaiStateTests.swift in Sources */,
				A1000318 /* YabaiServiceTests.swift in Sources */,
				A1000319 /* AppIconProviderTests.swift in Sources */,
				A1000320 /* YabaiJSONSanitizerTests.swift in Sources */,
				A1000321 /* SystemMetricsTests.swift in Sources */,
				A1000258 /* StorageVolumeSelection.swift in Sources */,
				A1000347 /* StorageVolumeSelectionTests.swift in Sources */,
				A1000259 /* TimeMachineStatus.swift in Sources */,
				A1000348 /* TimeMachineStatusTests.swift in Sources */,
				A1000322 /* RateSamplerTests.swift in Sources */,
				A1000323 /* BluetoothProfileParserTests.swift in Sources */,
				A1000324 /* WifiScanTests.swift in Sources */,
				A1000325 /* AerospaceMergeTests.swift in Sources */,
				A1000326 /* CaffeinateOptionsTests.swift in Sources */,
				A1000327 /* NetworkInterfacesTests.swift in Sources */,
				A1000233 /* AppIconProvider.swift in Sources */,
				A1000232 /* YabaiService.swift in Sources */,
				A1000305 /* FormattingTests.swift in Sources */,
				A1000306 /* ShellExecutorTests.swift in Sources */,
				A1000307 /* XBarParserTests.swift in Sources */,
				A1000308 /* WidgetDragPayloadTests.swift in Sources */,
				A1000309 /* WidgetReorderTests.swift in Sources */,
				A1000310 /* UserWidgetIndexRemapperTests.swift in Sources */,
				A1000311 /* ProfileNameValidatorTests.swift in Sources */,
				A1000312 /* WidgetPaletteTests.swift in Sources */,
				A1000313 /* VolumeLevelTests.swift in Sources */,
				A1000314 /* WidgetLabelsTests.swift in Sources */,
				A1000315 /* WeatherPresentationTests.swift in Sources */,
				A1000316 /* GraphGeometryTests.swift in Sources */,
				A1000317 /* BarGeometryTests.swift in Sources */,
				A1000210 /* Settings.swift in Sources */,
				A1000211 /* SettingsCodec.swift in Sources */,
				A1000212 /* SettingsStore.swift in Sources */,
				A1000213 /* Profile.swift in Sources */,
				A1000214 /* WidgetTypes.swift in Sources */,
				A1000215 /* AerospaceTypes.swift in Sources */,
				A1000216 /* Theme.swift in Sources */,
				A1000217 /* YabaiTypes.swift in Sources */,
				A1000218 /* Extensions.swift in Sources */,
				A1000219 /* ShellExecutor.swift in Sources */,
				A1000220 /* XBarParser.swift in Sources */,
				A1000221 /* WidgetDragPayload.swift in Sources */,
				A1000222 /* WidgetReorder.swift in Sources */,
				A1000223 /* UserWidgetIndexRemapper.swift in Sources */,
				A1000224 /* ProfileNameValidator.swift in Sources */,
				A1000225 /* ThemeColorRole.swift in Sources */,
				A1000226 /* WidgetPalette.swift in Sources */,
				A1000227 /* VolumeLevel.swift in Sources */,
				A1000228 /* WidgetLabels.swift in Sources */,
				A1000229 /* WeatherPresentation.swift in Sources */,
				A1000230 /* GraphGeometry.swift in Sources */,
				A1000231 /* BarGeometry.swift in Sources */,
				A1000234 /* YabaiJSONSanitizer.swift in Sources */,
				A1000235 /* RateSampler.swift in Sources */,
				A1000236 /* CaffeinateOptions.swift in Sources */,
				A1000237 /* NetworkInterfaces.swift in Sources */,
				A1000238 /* BluetoothProfileParser.swift in Sources */,
				A1000239 /* WifiScan.swift in Sources */,
				A1000240 /* AerospaceMerge.swift in Sources */,
				A1000241 /* SystemMetrics.swift in Sources */,
				A1000242 /* BluetoothTypes.swift in Sources */,
				A1000243 /* WifiTypes.swift in Sources */,
				A1000244 /* WindowFilter.swift in Sources */,
				A1000328 /* WindowFilterTests.swift in Sources */,
				A1000245 /* LaunchAtLoginReconciler.swift in Sources */,
				A1000246 /* BarWindowPlan.swift in Sources */,
				A1000247 /* WindowManagerServices.swift in Sources */,
				A1000329 /* LaunchAtLoginReconcilerTests.swift in Sources */,
				A1000330 /* BarWindowPlanTests.swift in Sources */,
				A1000331 /* WindowManagerServicesTests.swift in Sources */,
			);
			runOnlyForDeploymentPostprocessing = 0;
		};
/* End PBXSourcesBuildPhase section */

/* Begin XCBuildConfiguration section */
		Y0000001 /* Debug */ = {
			isa = XCBuildConfiguration;
			buildSettings = {
				ALWAYS_SEARCH_USER_PATHS = NO;
				ASSETCATALOG_COMPILER_GENERATE_SWIFT_ASSET_SYMBOL_EXTENSIONS = YES;
				CLANG_ANALYZER_NONNULL = YES;
				CLANG_ANALYZER_NUMBER_OBJECT_CONVERSION = YES_AGGRESSIVE;
				CLANG_CXX_LANGUAGE_STANDARD = "gnu++20";
				CLANG_ENABLE_MODULES = YES;
				CLANG_ENABLE_OBJC_ARC = YES;
				CLANG_ENABLE_OBJC_WEAK = YES;
				CLANG_WARN_BLOCK_CAPTURE_AUTORELEASING = YES;
				CLANG_WARN_BOOL_CONVERSION = YES;
				CLANG_WARN_COMMA = YES;
				CLANG_WARN_CONSTANT_CONVERSION = YES;
				CLANG_WARN_DEPRECATED_OBJC_IMPLEMENTATIONS = YES;
				CLANG_WARN_DIRECT_OBJC_ISA_USAGE = YES_ERROR;
				CLANG_WARN_DOCUMENTATION_COMMENTS = YES;
				CLANG_WARN_EMPTY_BODY = YES;
				CLANG_WARN_ENUM_CONVERSION = YES;
				CLANG_WARN_INFINITE_RECURSION = YES;
				CLANG_WARN_INT_CONVERSION = YES;
				CLANG_WARN_NON_LITERAL_NULL_CONVERSION = YES;
				CLANG_WARN_OBJC_IMPLICIT_RETAIN_SELF = YES;
				CLANG_WARN_OBJC_LITERAL_CONVERSION = YES;
				CLANG_WARN_OBJC_ROOT_CLASS = YES_ERROR;
				CLANG_WARN_QUOTED_INCLUDE_IN_FRAMEWORK_HEADER = YES;
				CLANG_WARN_RANGE_LOOP_ANALYSIS = YES;
				CLANG_WARN_STRICT_PROTOTYPES = YES;
				CLANG_WARN_SUSPICIOUS_MOVE = YES;
				CLANG_WARN_UNGUARDED_AVAILABILITY = YES_AGGRESSIVE;
				CLANG_WARN_UNREACHABLE_CODE = YES;
				CLANG_WARN__DUPLICATE_METHOD_MATCH = YES;
				COPY_PHASE_STRIP = NO;
				DEAD_CODE_STRIPPING = YES;
				DEBUG_INFORMATION_FORMAT = dwarf;
				ENABLE_STRICT_OBJC_MSGSEND = YES;
				ENABLE_TESTABILITY = YES;
				ENABLE_USER_SCRIPT_SANDBOXING = YES;
				GCC_C_LANGUAGE_STANDARD = gnu17;
				GCC_DYNAMIC_NO_PIC = NO;
				GCC_NO_COMMON_BLOCKS = YES;
				GCC_OPTIMIZATION_LEVEL = 0;
				GCC_PREPROCESSOR_DEFINITIONS = (
					"DEBUG=1",
					"$(inherited)",
				);
				GCC_WARN_64_TO_32_BIT_CONVERSION = YES;
				GCC_WARN_ABOUT_RETURN_TYPE = YES_ERROR;
				GCC_WARN_UNDECLARED_SELECTOR = YES;
				GCC_WARN_UNINITIALIZED_AUTOS = YES_AGGRESSIVE;
				GCC_WARN_UNUSED_FUNCTION = YES;
				GCC_WARN_UNUSED_VARIABLE = YES;
				LOCALIZATION_PREFERS_STRING_CATALOGS = YES;
				MACOSX_DEPLOYMENT_TARGET = 13.0;
				MTL_ENABLE_DEBUG_INFO = INCLUDE_SOURCE;
				MTL_FAST_MATH = YES;
				ONLY_ACTIVE_ARCH = YES;
				SDKROOT = macosx;
				STRING_CATALOG_GENERATE_SYMBOLS = YES;
				SWIFT_ACTIVE_COMPILATION_CONDITIONS = "DEBUG $(inherited)";
				SWIFT_OPTIMIZATION_LEVEL = "-Onone";
			};
			name = Debug;
		};
		Y0000002 /* Release */ = {
			isa = XCBuildConfiguration;
			buildSettings = {
				ALWAYS_SEARCH_USER_PATHS = NO;
				ASSETCATALOG_COMPILER_GENERATE_SWIFT_ASSET_SYMBOL_EXTENSIONS = YES;
				CLANG_ANALYZER_NONNULL = YES;
				CLANG_ANALYZER_NUMBER_OBJECT_CONVERSION = YES_AGGRESSIVE;
				CLANG_CXX_LANGUAGE_STANDARD = "gnu++20";
				CLANG_ENABLE_MODULES = YES;
				CLANG_ENABLE_OBJC_ARC = YES;
				CLANG_ENABLE_OBJC_WEAK = YES;
				CLANG_WARN_BLOCK_CAPTURE_AUTORELEASING = YES;
				CLANG_WARN_BOOL_CONVERSION = YES;
				CLANG_WARN_COMMA = YES;
				CLANG_WARN_CONSTANT_CONVERSION = YES;
				CLANG_WARN_DEPRECATED_OBJC_IMPLEMENTATIONS = YES;
				CLANG_WARN_DIRECT_OBJC_ISA_USAGE = YES_ERROR;
				CLANG_WARN_DOCUMENTATION_COMMENTS = YES;
				CLANG_WARN_EMPTY_BODY = YES;
				CLANG_WARN_ENUM_CONVERSION = YES;
				CLANG_WARN_INFINITE_RECURSION = YES;
				CLANG_WARN_INT_CONVERSION = YES;
				CLANG_WARN_NON_LITERAL_NULL_CONVERSION = YES;
				CLANG_WARN_OBJC_IMPLICIT_RETAIN_SELF = YES;
				CLANG_WARN_OBJC_LITERAL_CONVERSION = YES;
				CLANG_WARN_OBJC_ROOT_CLASS = YES_ERROR;
				CLANG_WARN_QUOTED_INCLUDE_IN_FRAMEWORK_HEADER = YES;
				CLANG_WARN_RANGE_LOOP_ANALYSIS = YES;
				CLANG_WARN_STRICT_PROTOTYPES = YES;
				CLANG_WARN_SUSPICIOUS_MOVE = YES;
				CLANG_WARN_UNGUARDED_AVAILABILITY = YES_AGGRESSIVE;
				CLANG_WARN_UNREACHABLE_CODE = YES;
				CLANG_WARN__DUPLICATE_METHOD_MATCH = YES;
				COPY_PHASE_STRIP = NO;
				DEAD_CODE_STRIPPING = YES;
				DEBUG_INFORMATION_FORMAT = "dwarf-with-dsym";
				ENABLE_NS_ASSERTIONS = NO;
				ENABLE_STRICT_OBJC_MSGSEND = YES;
				ENABLE_USER_SCRIPT_SANDBOXING = YES;
				GCC_C_LANGUAGE_STANDARD = gnu17;
				GCC_NO_COMMON_BLOCKS = YES;
				GCC_WARN_64_TO_32_BIT_CONVERSION = YES;
				GCC_WARN_ABOUT_RETURN_TYPE = YES_ERROR;
				GCC_WARN_UNDECLARED_SELECTOR = YES;
				GCC_WARN_UNINITIALIZED_AUTOS = YES_AGGRESSIVE;
				GCC_WARN_UNUSED_FUNCTION = YES;
				GCC_WARN_UNUSED_VARIABLE = YES;
				LOCALIZATION_PREFERS_STRING_CATALOGS = YES;
				MACOSX_DEPLOYMENT_TARGET = 13.0;
				MTL_ENABLE_DEBUG_INFO = NO;
				MTL_FAST_MATH = YES;
				SDKROOT = macosx;
				STRING_CATALOG_GENERATE_SYMBOLS = YES;
				SWIFT_COMPILATION_MODE = wholemodule;
			};
			name = Release;
		};
		Y1000001 /* Debug */ = {
			isa = XCBuildConfiguration;
			buildSettings = {
				ASSETCATALOG_COMPILER_APPICON_NAME = AppIcon;
				ASSETCATALOG_COMPILER_GLOBAL_ACCENT_COLOR_NAME = AccentColor;
				CODE_SIGN_ENTITLEMENTS = "a-bar/a-bar.entitlements";
				CODE_SIGN_STYLE = Automatic;
				COMBINE_HIDPI_IMAGES = YES;
				CURRENT_PROJECT_VERSION = 1;
				DEAD_CODE_STRIPPING = YES;
				DEVELOPMENT_TEAM = "";
				ENABLE_HARDENED_RUNTIME = YES;
				GENERATE_INFOPLIST_FILE = YES;
				INFOPLIST_FILE = "a-bar/Info.plist";
				INFOPLIST_KEY_CFBundleDisplayName = "a-bar";
				INFOPLIST_KEY_LSApplicationCategoryType = "public.app-category.utilities";
				INFOPLIST_KEY_LSUIElement = YES;
				INFOPLIST_KEY_NSHumanReadableCopyright = "";
				LD_RUNPATH_SEARCH_PATHS = (
					"$(inherited)",
					"@executable_path/../Frameworks",
				);
				MARKETING_VERSION = 1.7.0;
				PRODUCT_BUNDLE_IDENTIFIER = "com.jeantinland.a-bar";
				PRODUCT_NAME = "$(TARGET_NAME)";
				SWIFT_EMIT_LOC_STRINGS = YES;
				SWIFT_VERSION = 5.0;
			};
			name = Debug;
		};
		Y1000002 /* Release */ = {
			isa = XCBuildConfiguration;
			buildSettings = {
				ASSETCATALOG_COMPILER_APPICON_NAME = AppIcon;
				ASSETCATALOG_COMPILER_GLOBAL_ACCENT_COLOR_NAME = AccentColor;
				CODE_SIGN_ENTITLEMENTS = "a-bar/a-bar.entitlements";
				CODE_SIGN_STYLE = Automatic;
				COMBINE_HIDPI_IMAGES = YES;
				CURRENT_PROJECT_VERSION = 1;
				DEAD_CODE_STRIPPING = YES;
				DEVELOPMENT_TEAM = "";
				ENABLE_HARDENED_RUNTIME = YES;
				GENERATE_INFOPLIST_FILE = YES;
				INFOPLIST_FILE = "a-bar/Info.plist";
				INFOPLIST_KEY_CFBundleDisplayName = "a-bar";
				INFOPLIST_KEY_LSApplicationCategoryType = "public.app-category.utilities";
				INFOPLIST_KEY_LSUIElement = YES;
				INFOPLIST_KEY_NSHumanReadableCopyright = "";
				LD_RUNPATH_SEARCH_PATHS = (
					"$(inherited)",
					"@executable_path/../Frameworks",
				);
				MARKETING_VERSION = 1.7.0;
				PRODUCT_BUNDLE_IDENTIFIER = "com.jeantinland.a-bar";
				PRODUCT_NAME = "$(TARGET_NAME)";
				SWIFT_EMIT_LOC_STRINGS = YES;
				SWIFT_VERSION = 5.0;
			};
			name = Release;
		};
		Y1000003 /* Debug */ = {
			isa = XCBuildConfiguration;
			buildSettings = {
				ALWAYS_SEARCH_USER_PATHS = NO;
				CODE_SIGN_STYLE = Automatic;
				CURRENT_PROJECT_VERSION = 1;
				DEVELOPMENT_TEAM = "";
				GENERATE_INFOPLIST_FILE = YES;
				MACOSX_DEPLOYMENT_TARGET = 13.0;
				MARKETING_VERSION = 1.0;
				PRODUCT_BUNDLE_IDENTIFIER = "com.jeantinland.a-barTests";
				PRODUCT_NAME = "$(TARGET_NAME)";
				SDKROOT = macosx;
				SWIFT_EMIT_LOC_STRINGS = NO;
				SWIFT_VERSION = 5.0;
			};
			name = Debug;
		};
		Y1000004 /* Release */ = {
			isa = XCBuildConfiguration;
			buildSettings = {
				ALWAYS_SEARCH_USER_PATHS = NO;
				CODE_SIGN_STYLE = Automatic;
				CURRENT_PROJECT_VERSION = 1;
				DEVELOPMENT_TEAM = "";
				GENERATE_INFOPLIST_FILE = YES;
				MACOSX_DEPLOYMENT_TARGET = 13.0;
				MARKETING_VERSION = 1.0;
				PRODUCT_BUNDLE_IDENTIFIER = "com.jeantinland.a-barTests";
				PRODUCT_NAME = "$(TARGET_NAME)";
				SDKROOT = macosx;
				SWIFT_EMIT_LOC_STRINGS = NO;
				SWIFT_VERSION = 5.0;
			};
			name = Release;
		};
		Y1000005 /* Debug */ = {
			isa = XCBuildConfiguration;
			buildSettings = {
				CODE_SIGNING_ALLOWED = NO;
				ENABLE_USER_SCRIPT_SANDBOXING = NO;
				PRODUCT_NAME = "$(TARGET_NAME)";
				SKIP_INSTALL = YES;
			};
			name = Debug;
		};
		Y1000006 /* Release */ = {
			isa = XCBuildConfiguration;
			buildSettings = {
				CODE_SIGNING_ALLOWED = NO;
				ENABLE_USER_SCRIPT_SANDBOXING = NO;
				PRODUCT_NAME = "$(TARGET_NAME)";
				SKIP_INSTALL = YES;
			};
			name = Release;
		};
/* End XCBuildConfiguration section */

/* Begin XCConfigurationList section */
		X0000001 /* Build configuration list for PBXProject "a-bar" */ = {
			isa = XCConfigurationList;
			buildConfigurations = (
				Y0000001 /* Debug */,
				Y0000002 /* Release */,
			);
			defaultConfigurationIsVisible = 0;
			defaultConfigurationName = Release;
		};
		X1000001 /* Build configuration list for PBXNativeTarget "a-bar" */ = {
			isa = XCConfigurationList;
			buildConfigurations = (
				Y1000001 /* Debug */,
				Y1000002 /* Release */,
			);
			defaultConfigurationIsVisible = 0;
			defaultConfigurationName = Release;
		};
		X1000002 /* Build configuration list for PBXNativeTarget "a-barTests" */ = {
			isa = XCConfigurationList;
			buildConfigurations = (
				Y1000003 /* Debug */,
				Y1000004 /* Release */,
			);
			defaultConfigurationIsVisible = 0;
			defaultConfigurationName = Release;
		};
		X1000003 /* Build configuration list for PBXAggregateTarget "CopyAppToCheckout" */ = {
			isa = XCConfigurationList;
			buildConfigurations = (
				Y1000005 /* Debug */,
				Y1000006 /* Release */,
			);
			defaultConfigurationIsVisible = 0;
			defaultConfigurationName = Release;
		};
/* End XCConfigurationList section */
	};
	rootObject = P1000001 /* Project object */;
}
